// !$*UTF8*$!
{
	archiveVersion = 1;
	classes = {
	};
	objectVersion = 55;
	objects = {

/* Begin PBXBuildFile section */
		8E176F6F28329E4A00377497 /* PlayerProfileViewModel.swift in Sources */ = {isa = PBXBuildFile; fileRef = 8E176F6E28329E4A00377497 /* PlayerProfileViewModel.swift */; };
		8E23086F282CFC6B00AF60EB /* SettingsViewController.swift in Sources */ = {isa = PBXBuildFile; fileRef = 8E23086E282CFC6B00AF60EB /* SettingsViewController.swift */; };
		8E230878282D191C00AF60EB /* SportFilterTableViewCell.swift in Sources */ = {isa = PBXBuildFile; fileRef = 8E230877282D191C00AF60EB /* SportFilterTableViewCell.swift */; };
		8E23087E282D530300AF60EB /* FirebaseAuth in Frameworks */ = {isa = PBXBuildFile; productRef = 8E23087D282D530300AF60EB /* FirebaseAuth */; };
		8E230881282D543300AF60EB /* GoogleService-Info.plist in Resources */ = {isa = PBXBuildFile; fileRef = 8E230880282D543300AF60EB /* GoogleService-Info.plist */; };
		8E230884282D567D00AF60EB /* GoogleSignIn in Frameworks */ = {isa = PBXBuildFile; productRef = 8E230883282D567D00AF60EB /* GoogleSignIn */; };
		8E230887282D575D00AF60EB /* AuthViewModel.swift in Sources */ = {isa = PBXBuildFile; fileRef = 8E230886282D575D00AF60EB /* AuthViewModel.swift */; };
		8E230889282D788D00AF60EB /* EmojiPickerViewController.swift in Sources */ = {isa = PBXBuildFile; fileRef = 8E230888282D788D00AF60EB /* EmojiPickerViewController.swift */; };
		8E231EDC283AC97B0030768D /* OSMessage.swift in Sources */ = {isa = PBXBuildFile; fileRef = 8E231EDB283AC97B0030768D /* OSMessage.swift */; };
		8E24F4592834A75900BC808B /* MessageWindow.swift in Sources */ = {isa = PBXBuildFile; fileRef = 8E24F4582834A75900BC808B /* MessageWindow.swift */; };
		8E25B0F8283CD3F100FE2FB3 /* OSStats.swift in Sources */ = {isa = PBXBuildFile; fileRef = 8E25B0F7283CD3F100FE2FB3 /* OSStats.swift */; };
		8E287F56283B1013005BBE28 /* UIButton+Loading.swift in Sources */ = {isa = PBXBuildFile; fileRef = 8E287F55283B1013005BBE28 /* UIButton+Loading.swift */; };
		8E2D0CC1284FB374006FDE2E /* UIStackView+Convenience.swift in Sources */ = {isa = PBXBuildFile; fileRef = 8E2D0CC0284FB374006FDE2E /* UIStackView+Convenience.swift */; };
		8E2EE76B2836783C0096659D /* FirebaseSportsAPI.swift in Sources */ = {isa = PBXBuildFile; fileRef = 8E2EE76A2836783C0096659D /* FirebaseSportsAPI.swift */; };
		8E31E23E283649230085238C /* OSInvite.swift in Sources */ = {isa = PBXBuildFile; fileRef = 8E31E23D283649230085238C /* OSInvite.swift */; };
		8E31E24028364A6F0085238C /* MyInvitesViewController.swift in Sources */ = {isa = PBXBuildFile; fileRef = 8E31E23F28364A6F0085238C /* MyInvitesViewController.swift */; };
		8E31E24228364B0A0085238C /* MyInvitesViewModel.swift in Sources */ = {isa = PBXBuildFile; fileRef = 8E31E24128364B0A0085238C /* MyInvitesViewModel.swift */; };
		8E3293E4283D8E8800B7CCDC /* PlayerDetailsViewController.swift in Sources */ = {isa = PBXBuildFile; fileRef = 8E3293E3283D8E8800B7CCDC /* PlayerDetailsViewController.swift */; };
		8E3293E7283D8FBA00B7CCDC /* PlayerDetailsViewModel.swift in Sources */ = {isa = PBXBuildFile; fileRef = 8E3293E6283D8FBA00B7CCDC /* PlayerDetailsViewModel.swift */; };
		8E38B574283B97C8009E0387 /* UIColor+CoreImage.swift in Sources */ = {isa = PBXBuildFile; fileRef = 8E38B573283B97C8009E0387 /* UIColor+CoreImage.swift */; };
		8E38B576283BC5AD009E0387 /* Bundle+Version.swift in Sources */ = {isa = PBXBuildFile; fileRef = 8E38B575283BC5AD009E0387 /* Bundle+Version.swift */; };
		8E38B578283BC9F1009E0387 /* OSError.swift in Sources */ = {isa = PBXBuildFile; fileRef = 8E38B577283BC9F1009E0387 /* OSError.swift */; };
		8E38B57A283BCBC8009E0387 /* OSMatchRegistration.swift in Sources */ = {isa = PBXBuildFile; fileRef = 8E38B579283BCBC8009E0387 /* OSMatchRegistration.swift */; };
		8E38B57C283C39A2009E0387 /* UserDefaultsHelper.swift in Sources */ = {isa = PBXBuildFile; fileRef = 8E38B57B283C39A2009E0387 /* UserDefaultsHelper.swift */; };
		8E38B57E283C3D01009E0387 /* AchievementsViewController.swift in Sources */ = {isa = PBXBuildFile; fileRef = 8E38B57D283C3D01009E0387 /* AchievementsViewController.swift */; };
		8E38B582283C5895009E0387 /* PreferencesViewController.swift in Sources */ = {isa = PBXBuildFile; fileRef = 8E38B581283C5895009E0387 /* PreferencesViewController.swift */; };
		8E3F33602864E1720061CD6B /* WidgetKit.framework in Frameworks */ = {isa = PBXBuildFile; fileRef = 8E7F45BC2862948100473557 /* WidgetKit.framework */; };
		8E3F33612864E1720061CD6B /* SwiftUI.framework in Frameworks */ = {isa = PBXBuildFile; fileRef = 8E7F45BE2862948100473557 /* SwiftUI.framework */; };
		8E3F33642864E1720061CD6B /* CodeWidget.swift in Sources */ = {isa = PBXBuildFile; fileRef = 8E3F33632864E1720061CD6B /* CodeWidget.swift */; };
		8E3F33662864E1730061CD6B /* Assets.xcassets in Resources */ = {isa = PBXBuildFile; fileRef = 8E3F33652864E1730061CD6B /* Assets.xcassets */; };
		8E3F336A2864E1730061CD6B /* CodeWidgetExtension.appex in Embed App Extensions */ = {isa = PBXBuildFile; fileRef = 8E3F335F2864E1720061CD6B /* CodeWidgetExtension.appex */; settings = {ATTRIBUTES = (RemoveHeadersOnCopy, ); }; };
		8E3F337B28651F340061CD6B /* UserDefaults+CodeWidget.swift in Sources */ = {isa = PBXBuildFile; fileRef = 8E3F337A28651F340061CD6B /* UserDefaults+CodeWidget.swift */; };
		8E3F337C286520310061CD6B /* OSCodePayload.swift in Sources */ = {isa = PBXBuildFile; fileRef = 8EF1387A2837CF3A001D8DA6 /* OSCodePayload.swift */; };
		8E3F337D2865203F0061CD6B /* OSSport.swift in Sources */ = {isa = PBXBuildFile; fileRef = 8EE558342847B0B400199CC6 /* OSSport.swift */; };
		8E3F337E2865210C0061CD6B /* UserDefaults+CodeWidget.swift in Sources */ = {isa = PBXBuildFile; fileRef = 8E3F337A28651F340061CD6B /* UserDefaults+CodeWidget.swift */; };
		8E3F337F286531430061CD6B /* QRCodeGenerator.swift in Sources */ = {isa = PBXBuildFile; fileRef = 8E7D9A7E282BEF66007BCDE0 /* QRCodeGenerator.swift */; };
		8E43DEFF286E296E00D9B50D /* OSSeasonStats.swift in Sources */ = {isa = PBXBuildFile; fileRef = 8E43DEFE286E296E00D9B50D /* OSSeasonStats.swift */; };
		8E43DF01286EE3C800D9B50D /* SeasonsViewController.swift in Sources */ = {isa = PBXBuildFile; fileRef = 8E43DF00286EE3C800D9B50D /* SeasonsViewController.swift */; };
		8E43DF03286EE5F500D9B50D /* SeasonsViewModel.swift in Sources */ = {isa = PBXBuildFile; fileRef = 8E43DF02286EE5F500D9B50D /* SeasonsViewModel.swift */; };
		8E457B942860C03D00F9D133 /* ConfettiView.swift in Sources */ = {isa = PBXBuildFile; fileRef = 8E457B932860C03D00F9D133 /* ConfettiView.swift */; };
		8E52845028C9294100CD415D /* PlayerStatsView.swift in Sources */ = {isa = PBXBuildFile; fileRef = 8E52844F28C9294100CD415D /* PlayerStatsView.swift */; };
		8E5D566C28C77F6B00F67B14 /* oyvind-profile-picure.png in Resources */ = {isa = PBXBuildFile; fileRef = 8E5D566B28C77F6B00F67B14 /* oyvind-profile-picure.png */; };
		8E5D566E28C7818100F67B14 /* sindre-profile-picture.png in Resources */ = {isa = PBXBuildFile; fileRef = 8E5D566D28C7818100F67B14 /* sindre-profile-picture.png */; };
		8E5D567028C782E200F67B14 /* konstantinos-profile-picture.png in Resources */ = {isa = PBXBuildFile; fileRef = 8E5D566F28C782E200F67B14 /* konstantinos-profile-picture.png */; };
		8E5D567228C7AE7100F67B14 /* MetricsView.swift in Sources */ = {isa = PBXBuildFile; fileRef = 8E5D567128C7AE7100F67B14 /* MetricsView.swift */; };
		8E5D567628C7AF3400F67B14 /* MatchHistoryView.swift in Sources */ = {isa = PBXBuildFile; fileRef = 8E5D567528C7AF3400F67B14 /* MatchHistoryView.swift */; };
		8E678F0228A298FF00B22690 /* FirebaseSportsAPI+AsyncAwait.swift in Sources */ = {isa = PBXBuildFile; fileRef = 8E678F0128A298FE00B22690 /* FirebaseSportsAPI+AsyncAwait.swift */; };
		8E6995D52844E0CE001355D2 /* LocalNotificationManager.swift in Sources */ = {isa = PBXBuildFile; fileRef = 8E6995D42844E0CE001355D2 /* LocalNotificationManager.swift */; };
		8E6B33E028426DFB00E73EDD /* ScannerFrameLinesView.swift in Sources */ = {isa = PBXBuildFile; fileRef = 8E6B33DF28426DFB00E73EDD /* ScannerFrameLinesView.swift */; };
		8E6DF2992834CEB20009ACA1 /* FirebaseFirestore in Frameworks */ = {isa = PBXBuildFile; productRef = 8E6DF2982834CEB20009ACA1 /* FirebaseFirestore */; };
		8E6DF29B2834CEB20009ACA1 /* FirebaseFirestoreSwift in Frameworks */ = {isa = PBXBuildFile; productRef = 8E6DF29A2834CEB20009ACA1 /* FirebaseFirestoreSwift */; };
		8E70C112282ABA4E009A9452 /* NSLayoutConstraint+Util.swift in Sources */ = {isa = PBXBuildFile; fileRef = 8E70C111282ABA4E009A9452 /* NSLayoutConstraint+Util.swift */; };
		8E70C114282ABC56009A9452 /* SportViewController.swift in Sources */ = {isa = PBXBuildFile; fileRef = 8E70C113282ABC56009A9452 /* SportViewController.swift */; };
		8E70C117282ABD3E009A9452 /* FloatingMenu.swift in Sources */ = {isa = PBXBuildFile; fileRef = 8E70C116282ABD3E009A9452 /* FloatingMenu.swift */; };
		8E70C119282ABD6F009A9452 /* UIKit+Factory.swift in Sources */ = {isa = PBXBuildFile; fileRef = 8E70C118282ABD6F009A9452 /* UIKit+Factory.swift */; };
		8E70C11C282AC3F2009A9452 /* ScannerViewController.swift in Sources */ = {isa = PBXBuildFile; fileRef = 8E70C11B282AC3F2009A9452 /* ScannerViewController.swift */; };
		8E70C11F282AC499009A9452 /* OSMatch.swift in Sources */ = {isa = PBXBuildFile; fileRef = 8E70C11E282AC499009A9452 /* OSMatch.swift */; };
		8E70C121282AC510009A9452 /* OSPlayer.swift in Sources */ = {isa = PBXBuildFile; fileRef = 8E70C120282AC510009A9452 /* OSPlayer.swift */; };
		8E70C124282AC949009A9452 /* PlacementTableViewCell.swift in Sources */ = {isa = PBXBuildFile; fileRef = 8E70C123282AC949009A9452 /* PlacementTableViewCell.swift */; };
		8E70C126282ACCB5009A9452 /* ProfileView.swift in Sources */ = {isa = PBXBuildFile; fileRef = 8E70C125282ACCB5009A9452 /* ProfileView.swift */; };
		8E70C129282ACE57009A9452 /* UIColor+App.swift in Sources */ = {isa = PBXBuildFile; fileRef = 8E70C128282ACE57009A9452 /* UIColor+App.swift */; };
		8E70C12B282ACEAF009A9452 /* UIColor+Hex.swift in Sources */ = {isa = PBXBuildFile; fileRef = 8E70C12A282ACEAF009A9452 /* UIColor+Hex.swift */; };
		8E70C12D282AD01A009A9452 /* UIView+Visuals.swift in Sources */ = {isa = PBXBuildFile; fileRef = 8E70C12C282AD01A009A9452 /* UIView+Visuals.swift */; };
		8E70C12F282AD0AE009A9452 /* UITableView+Util.swift in Sources */ = {isa = PBXBuildFile; fileRef = 8E70C12E282AD0AE009A9452 /* UITableView+Util.swift */; };
		8E70C132282AD1F0009A9452 /* SportViewModel.swift in Sources */ = {isa = PBXBuildFile; fileRef = 8E70C131282AD1F0009A9452 /* SportViewModel.swift */; };
		8E70C136282ADF7A009A9452 /* OSAccount.swift in Sources */ = {isa = PBXBuildFile; fileRef = 8E70C135282ADF7A009A9452 /* OSAccount.swift */; };
		8E70C138282AEE2F009A9452 /* WelcomeViewController.swift in Sources */ = {isa = PBXBuildFile; fileRef = 8E70C137282AEE2F009A9452 /* WelcomeViewController.swift */; };
		8E70C13A282AEE7E009A9452 /* SportsAPI.swift in Sources */ = {isa = PBXBuildFile; fileRef = 8E70C139282AEE7E009A9452 /* SportsAPI.swift */; };
		8E7C415B286F2F34004C105E /* SeasonWinnerTableViewCell.swift in Sources */ = {isa = PBXBuildFile; fileRef = 8E7C415A286F2F34004C105E /* SeasonWinnerTableViewCell.swift */; };
		8E7D0AC52838D5C0006D6DF7 /* EmojiCollectionViewCell.swift in Sources */ = {isa = PBXBuildFile; fileRef = 8E7D0AC42838D5C0006D6DF7 /* EmojiCollectionViewCell.swift */; };
		8E7D0AC72838D7A1006D6DF7 /* UICollectionView+Util.swift in Sources */ = {isa = PBXBuildFile; fileRef = 8E7D0AC62838D7A1006D6DF7 /* UICollectionView+Util.swift */; };
		8E7D0ACC28391A9E006D6DF7 /* emojis.csv in Resources */ = {isa = PBXBuildFile; fileRef = 8E7D0ACB28391A9E006D6DF7 /* emojis.csv */; };
		8E7D9A7F282BEF66007BCDE0 /* QRCodeGenerator.swift in Sources */ = {isa = PBXBuildFile; fileRef = 8E7D9A7E282BEF66007BCDE0 /* QRCodeGenerator.swift */; };
		8E86BAD228C8D55A003D7F23 /* sindre-profile-picture-2.png in Resources */ = {isa = PBXBuildFile; fileRef = 8E86BAD128C8D55A003D7F23 /* sindre-profile-picture-2.png */; };
		8E88E4BA28C62BB700807667 /* UILabel+Visuals.swift in Sources */ = {isa = PBXBuildFile; fileRef = 8E88E4B928C62BB700807667 /* UILabel+Visuals.swift */; };
		8E88E4BF28C64CFA00807667 /* PlayerGraphViewController.swift in Sources */ = {isa = PBXBuildFile; fileRef = 8E88E4BE28C64CFA00807667 /* PlayerGraphViewController.swift */; };
		8E88E4C228C64D2E00807667 /* PlayerGraphViewModel.swift in Sources */ = {isa = PBXBuildFile; fileRef = 8E88E4C128C64D2E00807667 /* PlayerGraphViewModel.swift */; };
		8E973322283231F40012E236 /* SettingsViewModel.swift in Sources */ = {isa = PBXBuildFile; fileRef = 8E973321283231F40012E236 /* SettingsViewModel.swift */; };
		8E9849C8282BCDC80020266B /* CircleView.swift in Sources */ = {isa = PBXBuildFile; fileRef = 8E9849C7282BCDC80020266B /* CircleView.swift */; };
		8E9888AA286B115300A97552 /* UIColor+CoreImage.swift in Sources */ = {isa = PBXBuildFile; fileRef = 8E38B573283B97C8009E0387 /* UIColor+CoreImage.swift */; };
		8E9C7289283AB3C800974DAA /* OSTeam.swift in Sources */ = {isa = PBXBuildFile; fileRef = 8E9C7288283AB3C800974DAA /* OSTeam.swift */; };
		8E9C728B283AB93C00974DAA /* fastlane in Resources */ = {isa = PBXBuildFile; fileRef = 8E9C728A283AB93C00974DAA /* fastlane */; };
		8EA21271283EF18A00B37315 /* OSButton.swift in Sources */ = {isa = PBXBuildFile; fileRef = 8EA21270283EF18A00B37315 /* OSButton.swift */; };
		8EAB6DA6282BE4B500FA1362 /* Coordinator.swift in Sources */ = {isa = PBXBuildFile; fileRef = 8EAB6DA5282BE4B500FA1362 /* Coordinator.swift */; };
		8EC37F0C287D6318000D7A14 /* TeamPickerViewController.swift in Sources */ = {isa = PBXBuildFile; fileRef = 8EC37F0B287D6318000D7A14 /* TeamPickerViewController.swift */; };
		8EC84E8E282BD5B10093C9A0 /* PlayerProfileViewController.swift in Sources */ = {isa = PBXBuildFile; fileRef = 8EC84E8D282BD5B10093C9A0 /* PlayerProfileViewController.swift */; };
		8ECB86312875AAAD007C9FA5 /* QRCodeView.swift in Sources */ = {isa = PBXBuildFile; fileRef = 8ECB86302875AAAD007C9FA5 /* QRCodeView.swift */; };
		8EDFA363282E418000A51292 /* CompoundField.swift in Sources */ = {isa = PBXBuildFile; fileRef = 8EDFA362282E418000A51292 /* CompoundField.swift */; };
		8EE011AE287776250015D67B /* TeamsViewModel.swift in Sources */ = {isa = PBXBuildFile; fileRef = 8EE011AD287776250015D67B /* TeamsViewModel.swift */; };
		8EE32D68283E8D88009AD89C /* plistinject in Resources */ = {isa = PBXBuildFile; fileRef = 8EE32D67283E8D88009AD89C /* plistinject */; };
		8EE558352847B0B400199CC6 /* OSSport.swift in Sources */ = {isa = PBXBuildFile; fileRef = 8EE558342847B0B400199CC6 /* OSSport.swift */; };
		8EE61FEF282AB79C00C01289 /* AppDelegate.swift in Sources */ = {isa = PBXBuildFile; fileRef = 8EE61FEE282AB79C00C01289 /* AppDelegate.swift */; };
		8EE61FF3282AB79C00C01289 /* ContainerViewController.swift in Sources */ = {isa = PBXBuildFile; fileRef = 8EE61FF2282AB79C00C01289 /* ContainerViewController.swift */; };
		8EE61FF8282AB79D00C01289 /* Assets.xcassets in Resources */ = {isa = PBXBuildFile; fileRef = 8EE61FF7282AB79D00C01289 /* Assets.xcassets */; };
		8EE61FFB282AB79D00C01289 /* LaunchScreen.storyboard in Resources */ = {isa = PBXBuildFile; fileRef = 8EE61FF9282AB79D00C01289 /* LaunchScreen.storyboard */; };
		8EED8C2C28535D7D002CEA99 /* InviteTableViewCell.swift in Sources */ = {isa = PBXBuildFile; fileRef = 8EED8C2B28535D7D002CEA99 /* InviteTableViewCell.swift */; };
		8EEEAB74286268DB001D8BF5 /* InviteFilterTableViewCell.swift in Sources */ = {isa = PBXBuildFile; fileRef = 8EEEAB73286268DB001D8BF5 /* InviteFilterTableViewCell.swift */; };
		8EF13879283791AE001D8DA6 /* MockSportsAPI.swift in Sources */ = {isa = PBXBuildFile; fileRef = 8EF13878283791AE001D8DA6 /* MockSportsAPI.swift */; };
		8EF1387B2837CF3A001D8DA6 /* OSCodePayload.swift in Sources */ = {isa = PBXBuildFile; fileRef = 8EF1387A2837CF3A001D8DA6 /* OSCodePayload.swift */; };
		8EF1387D2837EEEC001D8DA6 /* MatchTableViewCell.swift in Sources */ = {isa = PBXBuildFile; fileRef = 8EF1387C2837EEEC001D8DA6 /* MatchTableViewCell.swift */; };
		8EF1387F2837FDD3001D8DA6 /* RegisterMatchViewModel.swift in Sources */ = {isa = PBXBuildFile; fileRef = 8EF1387E2837FDD3001D8DA6 /* RegisterMatchViewModel.swift */; };
		8EF418A4283CFF39005CAE09 /* AboutViewController.swift in Sources */ = {isa = PBXBuildFile; fileRef = 8EF418A3283CFF39005CAE09 /* AboutViewController.swift */; };
		8EF9DD47285DE32900088A60 /* RegisterMatchViewController.swift in Sources */ = {isa = PBXBuildFile; fileRef = 8EF9DD46285DE32900088A60 /* RegisterMatchViewController.swift */; };
/* End PBXBuildFile section */

/* Begin PBXContainerItemProxy section */
		8E3F33682864E1730061CD6B /* PBXContainerItemProxy */ = {
			isa = PBXContainerItemProxy;
			containerPortal = 8EE61FE3282AB79C00C01289 /* Project object */;
			proxyType = 1;
			remoteGlobalIDString = 8E3F335E2864E1720061CD6B;
			remoteInfo = CodeWidgetExtension;
		};
/* End PBXContainerItemProxy section */

/* Begin PBXCopyFilesBuildPhase section */
		8E7F45C92862948200473557 /* Embed App Extensions */ = {
			isa = PBXCopyFilesBuildPhase;
			buildActionMask = 2147483647;
			dstPath = "";
			dstSubfolderSpec = 13;
			files = (
				8E3F336A2864E1730061CD6B /* CodeWidgetExtension.appex in Embed App Extensions */,
			);
			name = "Embed App Extensions";
			runOnlyForDeploymentPostprocessing = 0;
		};
/* End PBXCopyFilesBuildPhase section */

/* Begin PBXFileReference section */
		8E176F6E28329E4A00377497 /* PlayerProfileViewModel.swift */ = {isa = PBXFileReference; lastKnownFileType = sourcecode.swift; path = PlayerProfileViewModel.swift; sourceTree = "<group>"; };
		8E23086E282CFC6B00AF60EB /* SettingsViewController.swift */ = {isa = PBXFileReference; lastKnownFileType = sourcecode.swift; path = SettingsViewController.swift; sourceTree = "<group>"; };
		8E230877282D191C00AF60EB /* SportFilterTableViewCell.swift */ = {isa = PBXFileReference; lastKnownFileType = sourcecode.swift; path = SportFilterTableViewCell.swift; sourceTree = "<group>"; };
		8E230880282D543300AF60EB /* GoogleService-Info.plist */ = {isa = PBXFileReference; fileEncoding = 4; lastKnownFileType = text.plist.xml; path = "GoogleService-Info.plist"; sourceTree = "<group>"; };
		8E230886282D575D00AF60EB /* AuthViewModel.swift */ = {isa = PBXFileReference; lastKnownFileType = sourcecode.swift; path = AuthViewModel.swift; sourceTree = "<group>"; };
		8E230888282D788D00AF60EB /* EmojiPickerViewController.swift */ = {isa = PBXFileReference; lastKnownFileType = sourcecode.swift; path = EmojiPickerViewController.swift; sourceTree = "<group>"; };
		8E231EDB283AC97B0030768D /* OSMessage.swift */ = {isa = PBXFileReference; lastKnownFileType = sourcecode.swift; path = OSMessage.swift; sourceTree = "<group>"; };
		8E24F4582834A75900BC808B /* MessageWindow.swift */ = {isa = PBXFileReference; lastKnownFileType = sourcecode.swift; path = MessageWindow.swift; sourceTree = "<group>"; };
		8E25B0F7283CD3F100FE2FB3 /* OSStats.swift */ = {isa = PBXFileReference; lastKnownFileType = sourcecode.swift; path = OSStats.swift; sourceTree = "<group>"; };
		8E287F55283B1013005BBE28 /* UIButton+Loading.swift */ = {isa = PBXFileReference; lastKnownFileType = sourcecode.swift; path = "UIButton+Loading.swift"; sourceTree = "<group>"; };
		8E2D0CC0284FB374006FDE2E /* UIStackView+Convenience.swift */ = {isa = PBXFileReference; lastKnownFileType = sourcecode.swift; path = "UIStackView+Convenience.swift"; sourceTree = "<group>"; };
		8E2EE76A2836783C0096659D /* FirebaseSportsAPI.swift */ = {isa = PBXFileReference; lastKnownFileType = sourcecode.swift; path = FirebaseSportsAPI.swift; sourceTree = "<group>"; };
		8E31E23D283649230085238C /* OSInvite.swift */ = {isa = PBXFileReference; lastKnownFileType = sourcecode.swift; path = OSInvite.swift; sourceTree = "<group>"; };
		8E31E23F28364A6F0085238C /* MyInvitesViewController.swift */ = {isa = PBXFileReference; lastKnownFileType = sourcecode.swift; path = MyInvitesViewController.swift; sourceTree = "<group>"; };
		8E31E24128364B0A0085238C /* MyInvitesViewModel.swift */ = {isa = PBXFileReference; lastKnownFileType = sourcecode.swift; path = MyInvitesViewModel.swift; sourceTree = "<group>"; };
		8E3293E3283D8E8800B7CCDC /* PlayerDetailsViewController.swift */ = {isa = PBXFileReference; lastKnownFileType = sourcecode.swift; path = PlayerDetailsViewController.swift; sourceTree = "<group>"; };
		8E3293E6283D8FBA00B7CCDC /* PlayerDetailsViewModel.swift */ = {isa = PBXFileReference; lastKnownFileType = sourcecode.swift; path = PlayerDetailsViewModel.swift; sourceTree = "<group>"; };
		8E38B573283B97C8009E0387 /* UIColor+CoreImage.swift */ = {isa = PBXFileReference; lastKnownFileType = sourcecode.swift; path = "UIColor+CoreImage.swift"; sourceTree = "<group>"; };
		8E38B575283BC5AD009E0387 /* Bundle+Version.swift */ = {isa = PBXFileReference; lastKnownFileType = sourcecode.swift; path = "Bundle+Version.swift"; sourceTree = "<group>"; };
		8E38B577283BC9F1009E0387 /* OSError.swift */ = {isa = PBXFileReference; lastKnownFileType = sourcecode.swift; path = OSError.swift; sourceTree = "<group>"; };
		8E38B579283BCBC8009E0387 /* OSMatchRegistration.swift */ = {isa = PBXFileReference; lastKnownFileType = sourcecode.swift; path = OSMatchRegistration.swift; sourceTree = "<group>"; };
		8E38B57B283C39A2009E0387 /* UserDefaultsHelper.swift */ = {isa = PBXFileReference; lastKnownFileType = sourcecode.swift; path = UserDefaultsHelper.swift; sourceTree = "<group>"; };
		8E38B57D283C3D01009E0387 /* AchievementsViewController.swift */ = {isa = PBXFileReference; lastKnownFileType = sourcecode.swift; path = AchievementsViewController.swift; sourceTree = "<group>"; };
		8E38B581283C5895009E0387 /* PreferencesViewController.swift */ = {isa = PBXFileReference; lastKnownFileType = sourcecode.swift; path = PreferencesViewController.swift; sourceTree = "<group>"; };
		8E3F335F2864E1720061CD6B /* CodeWidgetExtension.appex */ = {isa = PBXFileReference; explicitFileType = "wrapper.app-extension"; includeInIndex = 0; path = CodeWidgetExtension.appex; sourceTree = BUILT_PRODUCTS_DIR; };
		8E3F33632864E1720061CD6B /* CodeWidget.swift */ = {isa = PBXFileReference; lastKnownFileType = sourcecode.swift; path = CodeWidget.swift; sourceTree = "<group>"; };
		8E3F33652864E1730061CD6B /* Assets.xcassets */ = {isa = PBXFileReference; lastKnownFileType = folder.assetcatalog; path = Assets.xcassets; sourceTree = "<group>"; };
		8E3F33672864E1730061CD6B /* Info.plist */ = {isa = PBXFileReference; lastKnownFileType = text.plist.xml; path = Info.plist; sourceTree = "<group>"; };
		8E3F33772864F8600061CD6B /* CodeWidgetExtension.entitlements */ = {isa = PBXFileReference; lastKnownFileType = text.plist.entitlements; path = CodeWidgetExtension.entitlements; sourceTree = "<group>"; };
		8E3F337A28651F340061CD6B /* UserDefaults+CodeWidget.swift */ = {isa = PBXFileReference; lastKnownFileType = sourcecode.swift; path = "UserDefaults+CodeWidget.swift"; sourceTree = "<group>"; };
		8E43DEFE286E296E00D9B50D /* OSSeasonStats.swift */ = {isa = PBXFileReference; lastKnownFileType = sourcecode.swift; path = OSSeasonStats.swift; sourceTree = "<group>"; };
		8E43DF00286EE3C800D9B50D /* SeasonsViewController.swift */ = {isa = PBXFileReference; lastKnownFileType = sourcecode.swift; path = SeasonsViewController.swift; sourceTree = "<group>"; };
		8E43DF02286EE5F500D9B50D /* SeasonsViewModel.swift */ = {isa = PBXFileReference; lastKnownFileType = sourcecode.swift; path = SeasonsViewModel.swift; sourceTree = "<group>"; };
		8E457B932860C03D00F9D133 /* ConfettiView.swift */ = {isa = PBXFileReference; lastKnownFileType = sourcecode.swift; path = ConfettiView.swift; sourceTree = "<group>"; };
		8E52844F28C9294100CD415D /* PlayerStatsView.swift */ = {isa = PBXFileReference; lastKnownFileType = sourcecode.swift; path = PlayerStatsView.swift; sourceTree = "<group>"; };
		8E5D566B28C77F6B00F67B14 /* oyvind-profile-picure.png */ = {isa = PBXFileReference; lastKnownFileType = image.png; path = "oyvind-profile-picure.png"; sourceTree = "<group>"; };
		8E5D566D28C7818100F67B14 /* sindre-profile-picture.png */ = {isa = PBXFileReference; lastKnownFileType = image.png; path = "sindre-profile-picture.png"; sourceTree = "<group>"; };
		8E5D566F28C782E200F67B14 /* konstantinos-profile-picture.png */ = {isa = PBXFileReference; lastKnownFileType = image.png; path = "konstantinos-profile-picture.png"; sourceTree = "<group>"; };
		8E5D567128C7AE7100F67B14 /* MetricsView.swift */ = {isa = PBXFileReference; lastKnownFileType = sourcecode.swift; path = MetricsView.swift; sourceTree = "<group>"; };
		8E5D567528C7AF3400F67B14 /* MatchHistoryView.swift */ = {isa = PBXFileReference; lastKnownFileType = sourcecode.swift; path = MatchHistoryView.swift; sourceTree = "<group>"; };
		8E678F0128A298FE00B22690 /* FirebaseSportsAPI+AsyncAwait.swift */ = {isa = PBXFileReference; lastKnownFileType = sourcecode.swift; path = "FirebaseSportsAPI+AsyncAwait.swift"; sourceTree = "<group>"; };
		8E6995D42844E0CE001355D2 /* LocalNotificationManager.swift */ = {isa = PBXFileReference; lastKnownFileType = sourcecode.swift; path = LocalNotificationManager.swift; sourceTree = "<group>"; };
		8E6B33DF28426DFB00E73EDD /* ScannerFrameLinesView.swift */ = {isa = PBXFileReference; lastKnownFileType = sourcecode.swift; path = ScannerFrameLinesView.swift; sourceTree = "<group>"; };
		8E70C111282ABA4E009A9452 /* NSLayoutConstraint+Util.swift */ = {isa = PBXFileReference; lastKnownFileType = sourcecode.swift; path = "NSLayoutConstraint+Util.swift"; sourceTree = "<group>"; };
		8E70C113282ABC56009A9452 /* SportViewController.swift */ = {isa = PBXFileReference; lastKnownFileType = sourcecode.swift; path = SportViewController.swift; sourceTree = "<group>"; };
		8E70C116282ABD3E009A9452 /* FloatingMenu.swift */ = {isa = PBXFileReference; lastKnownFileType = sourcecode.swift; path = FloatingMenu.swift; sourceTree = "<group>"; };
		8E70C118282ABD6F009A9452 /* UIKit+Factory.swift */ = {isa = PBXFileReference; lastKnownFileType = sourcecode.swift; path = "UIKit+Factory.swift"; sourceTree = "<group>"; };
		8E70C11B282AC3F2009A9452 /* ScannerViewController.swift */ = {isa = PBXFileReference; lastKnownFileType = sourcecode.swift; path = ScannerViewController.swift; sourceTree = "<group>"; };
		8E70C11E282AC499009A9452 /* OSMatch.swift */ = {isa = PBXFileReference; lastKnownFileType = sourcecode.swift; path = OSMatch.swift; sourceTree = "<group>"; };
		8E70C120282AC510009A9452 /* OSPlayer.swift */ = {isa = PBXFileReference; lastKnownFileType = sourcecode.swift; path = OSPlayer.swift; sourceTree = "<group>"; };
		8E70C123282AC949009A9452 /* PlacementTableViewCell.swift */ = {isa = PBXFileReference; lastKnownFileType = sourcecode.swift; path = PlacementTableViewCell.swift; sourceTree = "<group>"; };
		8E70C125282ACCB5009A9452 /* ProfileView.swift */ = {isa = PBXFileReference; lastKnownFileType = sourcecode.swift; path = ProfileView.swift; sourceTree = "<group>"; };
		8E70C128282ACE57009A9452 /* UIColor+App.swift */ = {isa = PBXFileReference; lastKnownFileType = sourcecode.swift; path = "UIColor+App.swift"; sourceTree = "<group>"; };
		8E70C12A282ACEAF009A9452 /* UIColor+Hex.swift */ = {isa = PBXFileReference; lastKnownFileType = sourcecode.swift; path = "UIColor+Hex.swift"; sourceTree = "<group>"; };
		8E70C12C282AD01A009A9452 /* UIView+Visuals.swift */ = {isa = PBXFileReference; lastKnownFileType = sourcecode.swift; path = "UIView+Visuals.swift"; sourceTree = "<group>"; };
		8E70C12E282AD0AE009A9452 /* UITableView+Util.swift */ = {isa = PBXFileReference; lastKnownFileType = sourcecode.swift; path = "UITableView+Util.swift"; sourceTree = "<group>"; };
		8E70C131282AD1F0009A9452 /* SportViewModel.swift */ = {isa = PBXFileReference; lastKnownFileType = sourcecode.swift; path = SportViewModel.swift; sourceTree = "<group>"; };
		8E70C135282ADF7A009A9452 /* OSAccount.swift */ = {isa = PBXFileReference; lastKnownFileType = sourcecode.swift; path = OSAccount.swift; sourceTree = "<group>"; };
		8E70C137282AEE2F009A9452 /* WelcomeViewController.swift */ = {isa = PBXFileReference; lastKnownFileType = sourcecode.swift; path = WelcomeViewController.swift; sourceTree = "<group>"; };
		8E70C139282AEE7E009A9452 /* SportsAPI.swift */ = {isa = PBXFileReference; lastKnownFileType = sourcecode.swift; path = SportsAPI.swift; sourceTree = "<group>"; };
		8E70C13B282BAF51009A9452 /* README.md */ = {isa = PBXFileReference; lastKnownFileType = net.daringfireball.markdown; path = README.md; sourceTree = "<group>"; };
		8E7C415A286F2F34004C105E /* SeasonWinnerTableViewCell.swift */ = {isa = PBXFileReference; lastKnownFileType = sourcecode.swift; path = SeasonWinnerTableViewCell.swift; sourceTree = "<group>"; };
		8E7D0AC42838D5C0006D6DF7 /* EmojiCollectionViewCell.swift */ = {isa = PBXFileReference; lastKnownFileType = sourcecode.swift; path = EmojiCollectionViewCell.swift; sourceTree = "<group>"; };
		8E7D0AC62838D7A1006D6DF7 /* UICollectionView+Util.swift */ = {isa = PBXFileReference; lastKnownFileType = sourcecode.swift; path = "UICollectionView+Util.swift"; sourceTree = "<group>"; };
		8E7D0ACB28391A9E006D6DF7 /* emojis.csv */ = {isa = PBXFileReference; lastKnownFileType = text; path = emojis.csv; sourceTree = "<group>"; };
		8E7D9A7E282BEF66007BCDE0 /* QRCodeGenerator.swift */ = {isa = PBXFileReference; lastKnownFileType = sourcecode.swift; path = QRCodeGenerator.swift; sourceTree = "<group>"; };
		8E7F45BC2862948100473557 /* WidgetKit.framework */ = {isa = PBXFileReference; lastKnownFileType = wrapper.framework; name = WidgetKit.framework; path = System/Library/Frameworks/WidgetKit.framework; sourceTree = SDKROOT; };
		8E7F45BE2862948100473557 /* SwiftUI.framework */ = {isa = PBXFileReference; lastKnownFileType = wrapper.framework; name = SwiftUI.framework; path = System/Library/Frameworks/SwiftUI.framework; sourceTree = SDKROOT; };
		8E86BAD128C8D55A003D7F23 /* sindre-profile-picture-2.png */ = {isa = PBXFileReference; lastKnownFileType = image.png; path = "sindre-profile-picture-2.png"; sourceTree = "<group>"; };
		8E88E4B928C62BB700807667 /* UILabel+Visuals.swift */ = {isa = PBXFileReference; lastKnownFileType = sourcecode.swift; path = "UILabel+Visuals.swift"; sourceTree = "<group>"; };
		8E88E4BE28C64CFA00807667 /* PlayerGraphViewController.swift */ = {isa = PBXFileReference; lastKnownFileType = sourcecode.swift; path = PlayerGraphViewController.swift; sourceTree = "<group>"; };
		8E88E4C128C64D2E00807667 /* PlayerGraphViewModel.swift */ = {isa = PBXFileReference; lastKnownFileType = sourcecode.swift; path = PlayerGraphViewModel.swift; sourceTree = "<group>"; };
		8E973321283231F40012E236 /* SettingsViewModel.swift */ = {isa = PBXFileReference; lastKnownFileType = sourcecode.swift; path = SettingsViewModel.swift; sourceTree = "<group>"; };
		8E9849C7282BCDC80020266B /* CircleView.swift */ = {isa = PBXFileReference; lastKnownFileType = sourcecode.swift; path = CircleView.swift; sourceTree = "<group>"; };
		8E9C7287283A722600974DAA /* OfficeSports.entitlements */ = {isa = PBXFileReference; lastKnownFileType = text.plist.entitlements; path = OfficeSports.entitlements; sourceTree = "<group>"; };
		8E9C7288283AB3C800974DAA /* OSTeam.swift */ = {isa = PBXFileReference; lastKnownFileType = sourcecode.swift; path = OSTeam.swift; sourceTree = "<group>"; };
		8E9C728A283AB93C00974DAA /* fastlane */ = {isa = PBXFileReference; lastKnownFileType = folder; path = fastlane; sourceTree = "<group>"; };
		8EA21270283EF18A00B37315 /* OSButton.swift */ = {isa = PBXFileReference; lastKnownFileType = sourcecode.swift; path = OSButton.swift; sourceTree = "<group>"; };
		8EAB6DA5282BE4B500FA1362 /* Coordinator.swift */ = {isa = PBXFileReference; lastKnownFileType = sourcecode.swift; path = Coordinator.swift; sourceTree = "<group>"; };
		8EC37F0B287D6318000D7A14 /* TeamPickerViewController.swift */ = {isa = PBXFileReference; lastKnownFileType = sourcecode.swift; path = TeamPickerViewController.swift; sourceTree = "<group>"; };
		8EC84E8D282BD5B10093C9A0 /* PlayerProfileViewController.swift */ = {isa = PBXFileReference; lastKnownFileType = sourcecode.swift; path = PlayerProfileViewController.swift; sourceTree = "<group>"; };
		8ECB86302875AAAD007C9FA5 /* QRCodeView.swift */ = {isa = PBXFileReference; lastKnownFileType = sourcecode.swift; path = QRCodeView.swift; sourceTree = "<group>"; };
		8EDFA362282E418000A51292 /* CompoundField.swift */ = {isa = PBXFileReference; lastKnownFileType = sourcecode.swift; path = CompoundField.swift; sourceTree = "<group>"; };
		8EE011AD287776250015D67B /* TeamsViewModel.swift */ = {isa = PBXFileReference; lastKnownFileType = sourcecode.swift; path = TeamsViewModel.swift; sourceTree = "<group>"; };
		8EE32D67283E8D88009AD89C /* plistinject */ = {isa = PBXFileReference; lastKnownFileType = "compiled.mach-o.executable"; path = plistinject; sourceTree = "<group>"; };
		8EE558342847B0B400199CC6 /* OSSport.swift */ = {isa = PBXFileReference; lastKnownFileType = sourcecode.swift; path = OSSport.swift; sourceTree = "<group>"; };
		8EE61FEB282AB79C00C01289 /* OfficeSports.app */ = {isa = PBXFileReference; explicitFileType = wrapper.application; includeInIndex = 0; path = OfficeSports.app; sourceTree = BUILT_PRODUCTS_DIR; };
		8EE61FEE282AB79C00C01289 /* AppDelegate.swift */ = {isa = PBXFileReference; lastKnownFileType = sourcecode.swift; path = AppDelegate.swift; sourceTree = "<group>"; };
		8EE61FF2282AB79C00C01289 /* ContainerViewController.swift */ = {isa = PBXFileReference; lastKnownFileType = sourcecode.swift; path = ContainerViewController.swift; sourceTree = "<group>"; };
		8EE61FF7282AB79D00C01289 /* Assets.xcassets */ = {isa = PBXFileReference; lastKnownFileType = folder.assetcatalog; path = Assets.xcassets; sourceTree = "<group>"; };
		8EE61FFA282AB79D00C01289 /* Base */ = {isa = PBXFileReference; lastKnownFileType = file.storyboard; name = Base; path = Base.lproj/LaunchScreen.storyboard; sourceTree = "<group>"; };
		8EE61FFC282AB79D00C01289 /* Info.plist */ = {isa = PBXFileReference; lastKnownFileType = text.plist.xml; path = Info.plist; sourceTree = "<group>"; };
		8EED8C2B28535D7D002CEA99 /* InviteTableViewCell.swift */ = {isa = PBXFileReference; lastKnownFileType = sourcecode.swift; path = InviteTableViewCell.swift; sourceTree = "<group>"; };
		8EEEAB73286268DB001D8BF5 /* InviteFilterTableViewCell.swift */ = {isa = PBXFileReference; lastKnownFileType = sourcecode.swift; path = InviteFilterTableViewCell.swift; sourceTree = "<group>"; };
		8EF13878283791AE001D8DA6 /* MockSportsAPI.swift */ = {isa = PBXFileReference; lastKnownFileType = sourcecode.swift; path = MockSportsAPI.swift; sourceTree = "<group>"; };
		8EF1387A2837CF3A001D8DA6 /* OSCodePayload.swift */ = {isa = PBXFileReference; lastKnownFileType = sourcecode.swift; path = OSCodePayload.swift; sourceTree = "<group>"; };
		8EF1387C2837EEEC001D8DA6 /* MatchTableViewCell.swift */ = {isa = PBXFileReference; lastKnownFileType = sourcecode.swift; path = MatchTableViewCell.swift; sourceTree = "<group>"; };
		8EF1387E2837FDD3001D8DA6 /* RegisterMatchViewModel.swift */ = {isa = PBXFileReference; lastKnownFileType = sourcecode.swift; path = RegisterMatchViewModel.swift; sourceTree = "<group>"; };
		8EF418A3283CFF39005CAE09 /* AboutViewController.swift */ = {isa = PBXFileReference; lastKnownFileType = sourcecode.swift; path = AboutViewController.swift; sourceTree = "<group>"; };
		8EF9DD46285DE32900088A60 /* RegisterMatchViewController.swift */ = {isa = PBXFileReference; lastKnownFileType = sourcecode.swift; path = RegisterMatchViewController.swift; sourceTree = "<group>"; };
/* End PBXFileReference section */

/* Begin PBXFrameworksBuildPhase section */
		8E3F335C2864E1720061CD6B /* Frameworks */ = {
			isa = PBXFrameworksBuildPhase;
			buildActionMask = 2147483647;
			files = (
				8E3F33612864E1720061CD6B /* SwiftUI.framework in Frameworks */,
				8E3F33602864E1720061CD6B /* WidgetKit.framework in Frameworks */,
			);
			runOnlyForDeploymentPostprocessing = 0;
		};
		8EE61FE8282AB79C00C01289 /* Frameworks */ = {
			isa = PBXFrameworksBuildPhase;
			buildActionMask = 2147483647;
			files = (
				8E23087E282D530300AF60EB /* FirebaseAuth in Frameworks */,
				8E230884282D567D00AF60EB /* GoogleSignIn in Frameworks */,
				8E6DF2992834CEB20009ACA1 /* FirebaseFirestore in Frameworks */,
				8E6DF29B2834CEB20009ACA1 /* FirebaseFirestoreSwift in Frameworks */,
			);
			runOnlyForDeploymentPostprocessing = 0;
		};
/* End PBXFrameworksBuildPhase section */

/* Begin PBXGroup section */
		8E23086A282CFC2B00AF60EB /* Settings */ = {
			isa = PBXGroup;
			children = (
				8E23086B282CFC3200AF60EB /* ViewControllers */,
			);
			path = Settings;
			sourceTree = "<group>";
		};
		8E23086B282CFC3200AF60EB /* ViewControllers */ = {
			isa = PBXGroup;
			children = (
				8E23086E282CFC6B00AF60EB /* SettingsViewController.swift */,
			);
			path = ViewControllers;
			sourceTree = "<group>";
		};
		8E23086C282CFC3A00AF60EB /* Onboarding */ = {
			isa = PBXGroup;
			children = (
				8EDFA361282E416B00A51292 /* Views */,
				8E230885282D574B00AF60EB /* ViewModels */,
				8E23086D282CFC4200AF60EB /* ViewControllers */,
			);
			path = Onboarding;
			sourceTree = "<group>";
		};
		8E23086D282CFC4200AF60EB /* ViewControllers */ = {
			isa = PBXGroup;
			children = (
				8EC84E8D282BD5B10093C9A0 /* PlayerProfileViewController.swift */,
				8E70C137282AEE2F009A9452 /* WelcomeViewController.swift */,
				8E230888282D788D00AF60EB /* EmojiPickerViewController.swift */,
				8EC37F0B287D6318000D7A14 /* TeamPickerViewController.swift */,
			);
			path = ViewControllers;
			sourceTree = "<group>";
		};
		8E230870282CFC7D00AF60EB /* Main */ = {
			isa = PBXGroup;
			children = (
				8E230871282CFC8500AF60EB /* ViewControllers */,
				8E70C130282AD1DE009A9452 /* ViewModels */,
				8E70C115282ABCB9009A9452 /* Views */,
			);
			path = Main;
			sourceTree = "<group>";
		};
		8E230871282CFC8500AF60EB /* ViewControllers */ = {
			isa = PBXGroup;
			children = (
				8E70C11B282AC3F2009A9452 /* ScannerViewController.swift */,
				8E70C113282ABC56009A9452 /* SportViewController.swift */,
				8EE61FF2282AB79C00C01289 /* ContainerViewController.swift */,
				8E38B57D283C3D01009E0387 /* AchievementsViewController.swift */,
				8E38B581283C5895009E0387 /* PreferencesViewController.swift */,
				8EF418A3283CFF39005CAE09 /* AboutViewController.swift */,
				8EF9DD46285DE32900088A60 /* RegisterMatchViewController.swift */,
				8E43DF00286EE3C800D9B50D /* SeasonsViewController.swift */,
			);
			path = ViewControllers;
			sourceTree = "<group>";
		};
		8E23087F282D540E00AF60EB /* Resources */ = {
			isa = PBXGroup;
			children = (
				8E5D566A28C77F5700F67B14 /* Images */,
				8E7D0ACA28391A82006D6DF7 /* Emojis */,
				8E3293E0283D83BA00B7CCDC /* Firebase */,
				8E9C7287283A722600974DAA /* OfficeSports.entitlements */,
			);
			path = Resources;
			sourceTree = "<group>";
		};
		8E230885282D574B00AF60EB /* ViewModels */ = {
			isa = PBXGroup;
			children = (
				8E230886282D575D00AF60EB /* AuthViewModel.swift */,
				8E176F6E28329E4A00377497 /* PlayerProfileViewModel.swift */,
				8EE011AD287776250015D67B /* TeamsViewModel.swift */,
			);
			path = ViewModels;
			sourceTree = "<group>";
		};
		8E24F4562834A6EB00BC808B /* Common */ = {
			isa = PBXGroup;
			children = (
				8EA2126F283EF16C00B37315 /* Views */,
				8E24F4582834A75900BC808B /* MessageWindow.swift */,
			);
			path = Common;
			sourceTree = "<group>";
		};
		8E3293E0283D83BA00B7CCDC /* Firebase */ = {
			isa = PBXGroup;
			children = (
				8E230880282D543300AF60EB /* GoogleService-Info.plist */,
			);
			path = Firebase;
			sourceTree = "<group>";
		};
		8E3293E1283D8E5600B7CCDC /* Invitations */ = {
			isa = PBXGroup;
			children = (
				8EED8C2A28535D67002CEA99 /* Views */,
				8E3293E5283D8E8F00B7CCDC /* ViewModels */,
				8E3293E2283D8E6000B7CCDC /* ViewControllers */,
			);
			path = Invitations;
			sourceTree = "<group>";
		};
		8E3293E2283D8E6000B7CCDC /* ViewControllers */ = {
			isa = PBXGroup;
			children = (
				8E31E23F28364A6F0085238C /* MyInvitesViewController.swift */,
				8E3293E3283D8E8800B7CCDC /* PlayerDetailsViewController.swift */,
			);
			path = ViewControllers;
			sourceTree = "<group>";
		};
		8E3293E5283D8E8F00B7CCDC /* ViewModels */ = {
			isa = PBXGroup;
			children = (
				8E31E24128364B0A0085238C /* MyInvitesViewModel.swift */,
				8E3293E6283D8FBA00B7CCDC /* PlayerDetailsViewModel.swift */,
			);
			path = ViewModels;
			sourceTree = "<group>";
		};
		8E3F33622864E1720061CD6B /* CodeWidget */ = {
			isa = PBXGroup;
			children = (
				8E3F33722864E7870061CD6B /* Views */,
				8E3F33632864E1720061CD6B /* CodeWidget.swift */,
				8E3F33652864E1730061CD6B /* Assets.xcassets */,
				8E3F33672864E1730061CD6B /* Info.plist */,
			);
			path = CodeWidget;
			sourceTree = "<group>";
		};
		8E3F33722864E7870061CD6B /* Views */ = {
			isa = PBXGroup;
			children = (
				8ECB86302875AAAD007C9FA5 /* QRCodeView.swift */,
			);
			path = Views;
			sourceTree = "<group>";
		};
		8E5D566A28C77F5700F67B14 /* Images */ = {
			isa = PBXGroup;
			children = (
				8E86BAD128C8D55A003D7F23 /* sindre-profile-picture-2.png */,
				8E5D566F28C782E200F67B14 /* konstantinos-profile-picture.png */,
				8E5D566B28C77F6B00F67B14 /* oyvind-profile-picure.png */,
				8E5D566D28C7818100F67B14 /* sindre-profile-picture.png */,
			);
			path = Images;
			sourceTree = "<group>";
		};
		8E70C110282AB9BB009A9452 /* Extensions */ = {
			isa = PBXGroup;
			children = (
				8E70C111282ABA4E009A9452 /* NSLayoutConstraint+Util.swift */,
				8E70C118282ABD6F009A9452 /* UIKit+Factory.swift */,
				8E70C128282ACE57009A9452 /* UIColor+App.swift */,
				8E70C12A282ACEAF009A9452 /* UIColor+Hex.swift */,
				8E70C12C282AD01A009A9452 /* UIView+Visuals.swift */,
				8E70C12E282AD0AE009A9452 /* UITableView+Util.swift */,
				8E7D0AC62838D7A1006D6DF7 /* UICollectionView+Util.swift */,
				8E287F55283B1013005BBE28 /* UIButton+Loading.swift */,
				8E38B573283B97C8009E0387 /* UIColor+CoreImage.swift */,
				8E38B575283BC5AD009E0387 /* Bundle+Version.swift */,
				8E2D0CC0284FB374006FDE2E /* UIStackView+Convenience.swift */,
				8E3F337A28651F340061CD6B /* UserDefaults+CodeWidget.swift */,
				8E88E4B928C62BB700807667 /* UILabel+Visuals.swift */,
			);
			path = Extensions;
			sourceTree = "<group>";
		};
		8E70C115282ABCB9009A9452 /* Views */ = {
			isa = PBXGroup;
			children = (
				8E70C123282AC949009A9452 /* PlacementTableViewCell.swift */,
				8E230877282D191C00AF60EB /* SportFilterTableViewCell.swift */,
				8EF1387C2837EEEC001D8DA6 /* MatchTableViewCell.swift */,
				8E70C116282ABD3E009A9452 /* FloatingMenu.swift */,
				8E70C125282ACCB5009A9452 /* ProfileView.swift */,
				8E9849C7282BCDC80020266B /* CircleView.swift */,
				8E6B33DF28426DFB00E73EDD /* ScannerFrameLinesView.swift */,
				8E7C415A286F2F34004C105E /* SeasonWinnerTableViewCell.swift */,
				8E5D567128C7AE7100F67B14 /* MetricsView.swift */,
				8E5D567528C7AF3400F67B14 /* MatchHistoryView.swift */,
				8E52844F28C9294100CD415D /* PlayerStatsView.swift */,
			);
			path = Views;
			sourceTree = "<group>";
		};
		8E70C11D282AC424009A9452 /* Entities */ = {
			isa = PBXGroup;
			children = (
				8E70C11E282AC499009A9452 /* OSMatch.swift */,
				8E70C120282AC510009A9452 /* OSPlayer.swift */,
				8E70C135282ADF7A009A9452 /* OSAccount.swift */,
				8E31E23D283649230085238C /* OSInvite.swift */,
				8EF1387A2837CF3A001D8DA6 /* OSCodePayload.swift */,
				8E9C7288283AB3C800974DAA /* OSTeam.swift */,
				8E231EDB283AC97B0030768D /* OSMessage.swift */,
				8E38B577283BC9F1009E0387 /* OSError.swift */,
				8E38B579283BCBC8009E0387 /* OSMatchRegistration.swift */,
				8E25B0F7283CD3F100FE2FB3 /* OSStats.swift */,
				8EE558342847B0B400199CC6 /* OSSport.swift */,
				8E43DEFE286E296E00D9B50D /* OSSeasonStats.swift */,
			);
			path = Entities;
			sourceTree = "<group>";
		};
		8E70C127282ACD10009A9452 /* API */ = {
			isa = PBXGroup;
			children = (
				8E70C11D282AC424009A9452 /* Entities */,
				8E70C139282AEE7E009A9452 /* SportsAPI.swift */,
				8E2EE76A2836783C0096659D /* FirebaseSportsAPI.swift */,
				8EF13878283791AE001D8DA6 /* MockSportsAPI.swift */,
				8E678F0128A298FE00B22690 /* FirebaseSportsAPI+AsyncAwait.swift */,
			);
			path = API;
			sourceTree = "<group>";
		};
		8E70C130282AD1DE009A9452 /* ViewModels */ = {
			isa = PBXGroup;
			children = (
				8E70C131282AD1F0009A9452 /* SportViewModel.swift */,
				8E973321283231F40012E236 /* SettingsViewModel.swift */,
				8EF1387E2837FDD3001D8DA6 /* RegisterMatchViewModel.swift */,
				8E43DF02286EE5F500D9B50D /* SeasonsViewModel.swift */,
			);
			path = ViewModels;
			sourceTree = "<group>";
		};
		8E7D0ACA28391A82006D6DF7 /* Emojis */ = {
			isa = PBXGroup;
			children = (
				8E7D0ACB28391A9E006D6DF7 /* emojis.csv */,
			);
			path = Emojis;
			sourceTree = "<group>";
		};
		8E7D9A7D282BEF4F007BCDE0 /* Utils */ = {
			isa = PBXGroup;
			children = (
				8E7D9A7E282BEF66007BCDE0 /* QRCodeGenerator.swift */,
				8E38B57B283C39A2009E0387 /* UserDefaultsHelper.swift */,
				8E6995D42844E0CE001355D2 /* LocalNotificationManager.swift */,
				8E457B932860C03D00F9D133 /* ConfettiView.swift */,
			);
			path = Utils;
			sourceTree = "<group>";
		};
		8E7F45BB2862948100473557 /* Frameworks */ = {
			isa = PBXGroup;
			children = (
				8E7F45BC2862948100473557 /* WidgetKit.framework */,
				8E7F45BE2862948100473557 /* SwiftUI.framework */,
			);
			name = Frameworks;
			sourceTree = "<group>";
		};
		8E88E4BB28C64CC900807667 /* Graph */ = {
			isa = PBXGroup;
			children = (
				8E88E4C028C64D1900807667 /* ViewModels */,
				8E88E4BD28C64CE100807667 /* ViewControllers */,
				8E88E4BC28C64CD900807667 /* Views */,
			);
			path = Graph;
			sourceTree = "<group>";
		};
		8E88E4BC28C64CD900807667 /* Views */ = {
			isa = PBXGroup;
			children = (
			);
			path = Views;
			sourceTree = "<group>";
		};
		8E88E4BD28C64CE100807667 /* ViewControllers */ = {
			isa = PBXGroup;
			children = (
				8E88E4BE28C64CFA00807667 /* PlayerGraphViewController.swift */,
			);
			path = ViewControllers;
			sourceTree = "<group>";
		};
		8E88E4C028C64D1900807667 /* ViewModels */ = {
			isa = PBXGroup;
			children = (
				8E88E4C128C64D2E00807667 /* PlayerGraphViewModel.swift */,
			);
			path = ViewModels;
			sourceTree = "<group>";
		};
		8EA2126F283EF16C00B37315 /* Views */ = {
			isa = PBXGroup;
			children = (
				8EA21270283EF18A00B37315 /* OSButton.swift */,
			);
			path = Views;
			sourceTree = "<group>";
		};
		8EAB6DA4282BE34B00FA1362 /* Coordinators */ = {
			isa = PBXGroup;
			children = (
				8EAB6DA5282BE4B500FA1362 /* Coordinator.swift */,
			);
			path = Coordinators;
			sourceTree = "<group>";
		};
		8EDFA361282E416B00A51292 /* Views */ = {
			isa = PBXGroup;
			children = (
				8EDFA362282E418000A51292 /* CompoundField.swift */,
				8E7D0AC42838D5C0006D6DF7 /* EmojiCollectionViewCell.swift */,
			);
			path = Views;
			sourceTree = "<group>";
		};
		8EE32D66283E8D66009AD89C /* Scripts */ = {
			isa = PBXGroup;
			children = (
				8EE32D67283E8D88009AD89C /* plistinject */,
			);
			path = Scripts;
			sourceTree = "<group>";
		};
		8EE61FE2282AB79C00C01289 = {
			isa = PBXGroup;
			children = (
				8E3F33772864F8600061CD6B /* CodeWidgetExtension.entitlements */,
				8EE32D66283E8D66009AD89C /* Scripts */,
				8E70C13B282BAF51009A9452 /* README.md */,
				8E9C728A283AB93C00974DAA /* fastlane */,
				8EE61FED282AB79C00C01289 /* OfficeSports */,
				8E3F33622864E1720061CD6B /* CodeWidget */,
				8E7F45BB2862948100473557 /* Frameworks */,
				8EE61FEC282AB79C00C01289 /* Products */,
			);
			sourceTree = "<group>";
		};
		8EE61FEC282AB79C00C01289 /* Products */ = {
			isa = PBXGroup;
			children = (
				8EE61FEB282AB79C00C01289 /* OfficeSports.app */,
				8E3F335F2864E1720061CD6B /* CodeWidgetExtension.appex */,
			);
			name = Products;
			sourceTree = "<group>";
		};
		8EE61FED282AB79C00C01289 /* OfficeSports */ = {
			isa = PBXGroup;
			children = (
				8EE61FEE282AB79C00C01289 /* AppDelegate.swift */,
				8EE61FF7282AB79D00C01289 /* Assets.xcassets */,
				8EE61FFC282AB79D00C01289 /* Info.plist */,
				8EE61FF9282AB79D00C01289 /* LaunchScreen.storyboard */,
				8E70C127282ACD10009A9452 /* API */,
				8EAB6DA4282BE34B00FA1362 /* Coordinators */,
				8E70C110282AB9BB009A9452 /* Extensions */,
				8E23087F282D540E00AF60EB /* Resources */,
				8EE62002282AB7AA00C01289 /* Screens */,
				8E7D9A7D282BEF4F007BCDE0 /* Utils */,
			);
			path = OfficeSports;
			sourceTree = "<group>";
		};
		8EE62002282AB7AA00C01289 /* Screens */ = {
			isa = PBXGroup;
			children = (
				8E88E4BB28C64CC900807667 /* Graph */,
				8E3293E1283D8E5600B7CCDC /* Invitations */,
				8E24F4562834A6EB00BC808B /* Common */,
				8E230870282CFC7D00AF60EB /* Main */,
				8E23086C282CFC3A00AF60EB /* Onboarding */,
				8E23086A282CFC2B00AF60EB /* Settings */,
			);
			path = Screens;
			sourceTree = "<group>";
		};
		8EED8C2A28535D67002CEA99 /* Views */ = {
			isa = PBXGroup;
			children = (
				8EED8C2B28535D7D002CEA99 /* InviteTableViewCell.swift */,
				8EEEAB73286268DB001D8BF5 /* InviteFilterTableViewCell.swift */,
			);
			path = Views;
			sourceTree = "<group>";
		};
/* End PBXGroup section */

/* Begin PBXNativeTarget section */
		8E3F335E2864E1720061CD6B /* CodeWidgetExtension */ = {
			isa = PBXNativeTarget;
			buildConfigurationList = 8E3F336D2864E1730061CD6B /* Build configuration list for PBXNativeTarget "CodeWidgetExtension" */;
			buildPhases = (
				8E3F335B2864E1720061CD6B /* Sources */,
				8E3F335C2864E1720061CD6B /* Frameworks */,
				8E3F335D2864E1720061CD6B /* Resources */,
			);
			buildRules = (
			);
			dependencies = (
			);
			name = CodeWidgetExtension;
			productName = CodeWidgetExtension;
			productReference = 8E3F335F2864E1720061CD6B /* CodeWidgetExtension.appex */;
			productType = "com.apple.product-type.app-extension";
		};
		8EE61FEA282AB79C00C01289 /* OfficeSports */ = {
			isa = PBXNativeTarget;
			buildConfigurationList = 8EE61FFF282AB79D00C01289 /* Build configuration list for PBXNativeTarget "OfficeSports" */;
			buildPhases = (
				8EE32D65283E8D4B009AD89C /* ShellScript */,
				8EC84E8F282BD68A0093C9A0 /* ShellScript */,
				8EE61FE7282AB79C00C01289 /* Sources */,
				8EE61FE8282AB79C00C01289 /* Frameworks */,
				8EE61FE9282AB79C00C01289 /* Resources */,
				8E7F45C92862948200473557 /* Embed App Extensions */,
			);
			buildRules = (
			);
			dependencies = (
				8E3F33692864E1730061CD6B /* PBXTargetDependency */,
			);
			name = OfficeSports;
			packageProductDependencies = (
				8E23087D282D530300AF60EB /* FirebaseAuth */,
				8E230883282D567D00AF60EB /* GoogleSignIn */,
				8E6DF2982834CEB20009ACA1 /* FirebaseFirestore */,
				8E6DF29A2834CEB20009ACA1 /* FirebaseFirestoreSwift */,
			);
			productName = "Office Sports";
			productReference = 8EE61FEB282AB79C00C01289 /* OfficeSports.app */;
			productType = "com.apple.product-type.application";
		};
/* End PBXNativeTarget section */

/* Begin PBXProject section */
		8EE61FE3282AB79C00C01289 /* Project object */ = {
			isa = PBXProject;
			attributes = {
				BuildIndependentTargetsInParallel = 1;
				LastSwiftUpdateCheck = 1340;
				LastUpgradeCheck = 1330;
				TargetAttributes = {
					8E3F335E2864E1720061CD6B = {
						CreatedOnToolsVersion = 13.4.1;
					};
					8EE61FEA282AB79C00C01289 = {
						CreatedOnToolsVersion = 13.3.1;
					};
				};
			};
			buildConfigurationList = 8EE61FE6282AB79C00C01289 /* Build configuration list for PBXProject "OfficeSports" */;
			compatibilityVersion = "Xcode 13.0";
			developmentRegion = en;
			hasScannedForEncodings = 0;
			knownRegions = (
				en,
				Base,
			);
			mainGroup = 8EE61FE2282AB79C00C01289;
			packageReferences = (
				8E23087C282D530300AF60EB /* XCRemoteSwiftPackageReference "firebase-ios-sdk" */,
				8E230882282D567D00AF60EB /* XCRemoteSwiftPackageReference "GoogleSignIn-iOS" */,
				8E6DF2972834CEB20009ACA1 /* XCRemoteSwiftPackageReference "firebase-ios-sdk" */,
			);
			productRefGroup = 8EE61FEC282AB79C00C01289 /* Products */;
			projectDirPath = "";
			projectRoot = "";
			targets = (
				8EE61FEA282AB79C00C01289 /* OfficeSports */,
				8E3F335E2864E1720061CD6B /* CodeWidgetExtension */,
			);
		};
/* End PBXProject section */

/* Begin PBXResourcesBuildPhase section */
		8E3F335D2864E1720061CD6B /* Resources */ = {
			isa = PBXResourcesBuildPhase;
			buildActionMask = 2147483647;
			files = (
				8E3F33662864E1730061CD6B /* Assets.xcassets in Resources */,
			);
			runOnlyForDeploymentPostprocessing = 0;
		};
		8EE61FE9282AB79C00C01289 /* Resources */ = {
			isa = PBXResourcesBuildPhase;
			buildActionMask = 2147483647;
			files = (
				8EE32D68283E8D88009AD89C /* plistinject in Resources */,
				8E5D566E28C7818100F67B14 /* sindre-profile-picture.png in Resources */,
				8EE61FFB282AB79D00C01289 /* LaunchScreen.storyboard in Resources */,
				8EE61FF8282AB79D00C01289 /* Assets.xcassets in Resources */,
				8E230881282D543300AF60EB /* GoogleService-Info.plist in Resources */,
				8E5D566C28C77F6B00F67B14 /* oyvind-profile-picure.png in Resources */,
				8E86BAD228C8D55A003D7F23 /* sindre-profile-picture-2.png in Resources */,
				8E7D0ACC28391A9E006D6DF7 /* emojis.csv in Resources */,
				8E5D567028C782E200F67B14 /* konstantinos-profile-picture.png in Resources */,
				8E9C728B283AB93C00974DAA /* fastlane in Resources */,
			);
			runOnlyForDeploymentPostprocessing = 0;
		};
/* End PBXResourcesBuildPhase section */

/* Begin PBXShellScriptBuildPhase section */
		8EC84E8F282BD68A0093C9A0 /* ShellScript */ = {
			isa = PBXShellScriptBuildPhase;
			buildActionMask = 2147483647;
			files = (
			);
			inputFileListPaths = (
			);
			inputPaths = (
			);
			outputFileListPaths = (
			);
			outputPaths = (
			);
			runOnlyForDeploymentPostprocessing = 0;
			shellPath = /bin/sh;
			shellScript = "export PATH=\"$PATH:/opt/homebrew/bin\"\nif which swiftlint > /dev/null; then\n  swiftlint\nelse\n  echo \"warning: SwiftLint not installed, download from https://github.com/realm/SwiftLint\"\nfi\n";
		};
		8EE32D65283E8D4B009AD89C /* ShellScript */ = {
			isa = PBXShellScriptBuildPhase;
			buildActionMask = 2147483647;
			files = (
			);
			inputFileListPaths = (
			);
			inputPaths = (
			);
			outputFileListPaths = (
			);
			outputPaths = (
			);
			runOnlyForDeploymentPostprocessing = 0;
			shellPath = /bin/sh;
			shellScript = "# The plistinject script replaces dummy variables in the GoogleService-Info.plist\n# (used by the Firebase SDK) with actual produciton values stored in environment variables \n${SRCROOT}/Scripts/plistinject\n";
		};
/* End PBXShellScriptBuildPhase section */

/* Begin PBXSourcesBuildPhase section */
		8E3F335B2864E1720061CD6B /* Sources */ = {
			isa = PBXSourcesBuildPhase;
			buildActionMask = 2147483647;
			files = (
				8E3F337C286520310061CD6B /* OSCodePayload.swift in Sources */,
				8E3F33642864E1720061CD6B /* CodeWidget.swift in Sources */,
				8E3F337D2865203F0061CD6B /* OSSport.swift in Sources */,
				8ECB86312875AAAD007C9FA5 /* QRCodeView.swift in Sources */,
				8E3F337F286531430061CD6B /* QRCodeGenerator.swift in Sources */,
				8E9888AA286B115300A97552 /* UIColor+CoreImage.swift in Sources */,
				8E3F337E2865210C0061CD6B /* UserDefaults+CodeWidget.swift in Sources */,
			);
			runOnlyForDeploymentPostprocessing = 0;
		};
		8EE61FE7282AB79C00C01289 /* Sources */ = {
			isa = PBXSourcesBuildPhase;
			buildActionMask = 2147483647;
			files = (
				8EC37F0C287D6318000D7A14 /* TeamPickerViewController.swift in Sources */,
				8E38B57E283C3D01009E0387 /* AchievementsViewController.swift in Sources */,
				8E52845028C9294100CD415D /* PlayerStatsView.swift in Sources */,
				8E7D9A7F282BEF66007BCDE0 /* QRCodeGenerator.swift in Sources */,
				8EF13879283791AE001D8DA6 /* MockSportsAPI.swift in Sources */,
				8E70C11F282AC499009A9452 /* OSMatch.swift in Sources */,
				8E88E4BA28C62BB700807667 /* UILabel+Visuals.swift in Sources */,
				8E457B942860C03D00F9D133 /* ConfettiView.swift in Sources */,
				8E3293E4283D8E8800B7CCDC /* PlayerDetailsViewController.swift in Sources */,
				8E5D567628C7AF3400F67B14 /* MatchHistoryView.swift in Sources */,
				8E287F56283B1013005BBE28 /* UIButton+Loading.swift in Sources */,
				8E70C11C282AC3F2009A9452 /* ScannerViewController.swift in Sources */,
				8E38B574283B97C8009E0387 /* UIColor+CoreImage.swift in Sources */,
				8E3293E7283D8FBA00B7CCDC /* PlayerDetailsViewModel.swift in Sources */,
				8EF1387D2837EEEC001D8DA6 /* MatchTableViewCell.swift in Sources */,
				8EF1387F2837FDD3001D8DA6 /* RegisterMatchViewModel.swift in Sources */,
				8E5D567228C7AE7100F67B14 /* MetricsView.swift in Sources */,
				8E70C121282AC510009A9452 /* OSPlayer.swift in Sources */,
				8E973322283231F40012E236 /* SettingsViewModel.swift in Sources */,
				8E88E4BF28C64CFA00807667 /* PlayerGraphViewController.swift in Sources */,
				8E43DEFF286E296E00D9B50D /* OSSeasonStats.swift in Sources */,
				8EE558352847B0B400199CC6 /* OSSport.swift in Sources */,
				8EA21271283EF18A00B37315 /* OSButton.swift in Sources */,
				8E43DF01286EE3C800D9B50D /* SeasonsViewController.swift in Sources */,
				8E6995D52844E0CE001355D2 /* LocalNotificationManager.swift in Sources */,
				8E38B576283BC5AD009E0387 /* Bundle+Version.swift in Sources */,
				8E70C117282ABD3E009A9452 /* FloatingMenu.swift in Sources */,
				8E7C415B286F2F34004C105E /* SeasonWinnerTableViewCell.swift in Sources */,
				8EE61FF3282AB79C00C01289 /* ContainerViewController.swift in Sources */,
				8EC84E8E282BD5B10093C9A0 /* PlayerProfileViewController.swift in Sources */,
				8E23086F282CFC6B00AF60EB /* SettingsViewController.swift in Sources */,
				8E38B582283C5895009E0387 /* PreferencesViewController.swift in Sources */,
				8E70C129282ACE57009A9452 /* UIColor+App.swift in Sources */,
				8E38B57A283BCBC8009E0387 /* OSMatchRegistration.swift in Sources */,
				8EF1387B2837CF3A001D8DA6 /* OSCodePayload.swift in Sources */,
				8E31E24228364B0A0085238C /* MyInvitesViewModel.swift in Sources */,
				8E24F4592834A75900BC808B /* MessageWindow.swift in Sources */,
				8EF418A4283CFF39005CAE09 /* AboutViewController.swift in Sources */,
				8E2EE76B2836783C0096659D /* FirebaseSportsAPI.swift in Sources */,
				8E25B0F8283CD3F100FE2FB3 /* OSStats.swift in Sources */,
				8EE011AE287776250015D67B /* TeamsViewModel.swift in Sources */,
				8EE61FEF282AB79C00C01289 /* AppDelegate.swift in Sources */,
				8E70C119282ABD6F009A9452 /* UIKit+Factory.swift in Sources */,
				8E31E23E283649230085238C /* OSInvite.swift in Sources */,
				8E70C112282ABA4E009A9452 /* NSLayoutConstraint+Util.swift in Sources */,
				8E3F337B28651F340061CD6B /* UserDefaults+CodeWidget.swift in Sources */,
				8E70C12B282ACEAF009A9452 /* UIColor+Hex.swift in Sources */,
				8E43DF03286EE5F500D9B50D /* SeasonsViewModel.swift in Sources */,
				8E31E24028364A6F0085238C /* MyInvitesViewController.swift in Sources */,
				8E231EDC283AC97B0030768D /* OSMessage.swift in Sources */,
				8E70C124282AC949009A9452 /* PlacementTableViewCell.swift in Sources */,
				8E176F6F28329E4A00377497 /* PlayerProfileViewModel.swift in Sources */,
				8E9849C8282BCDC80020266B /* CircleView.swift in Sources */,
				8EF9DD47285DE32900088A60 /* RegisterMatchViewController.swift in Sources */,
				8E70C132282AD1F0009A9452 /* SportViewModel.swift in Sources */,
				8E6B33E028426DFB00E73EDD /* ScannerFrameLinesView.swift in Sources */,
				8E230887282D575D00AF60EB /* AuthViewModel.swift in Sources */,
				8E2D0CC1284FB374006FDE2E /* UIStackView+Convenience.swift in Sources */,
				8E70C136282ADF7A009A9452 /* OSAccount.swift in Sources */,
				8EEEAB74286268DB001D8BF5 /* InviteFilterTableViewCell.swift in Sources */,
				8E230889282D788D00AF60EB /* EmojiPickerViewController.swift in Sources */,
				8E70C126282ACCB5009A9452 /* ProfileView.swift in Sources */,
				8EAB6DA6282BE4B500FA1362 /* Coordinator.swift in Sources */,
				8E678F0228A298FF00B22690 /* FirebaseSportsAPI+AsyncAwait.swift in Sources */,
				8E9C7289283AB3C800974DAA /* OSTeam.swift in Sources */,
				8E70C13A282AEE7E009A9452 /* SportsAPI.swift in Sources */,
				8E38B57C283C39A2009E0387 /* UserDefaultsHelper.swift in Sources */,
				8E230878282D191C00AF60EB /* SportFilterTableViewCell.swift in Sources */,
				8E7D0AC52838D5C0006D6DF7 /* EmojiCollectionViewCell.swift in Sources */,
				8E70C12F282AD0AE009A9452 /* UITableView+Util.swift in Sources */,
				8E70C12D282AD01A009A9452 /* UIView+Visuals.swift in Sources */,
				8E7D0AC72838D7A1006D6DF7 /* UICollectionView+Util.swift in Sources */,
				8E88E4C228C64D2E00807667 /* PlayerGraphViewModel.swift in Sources */,
				8EDFA363282E418000A51292 /* CompoundField.swift in Sources */,
				8E70C114282ABC56009A9452 /* SportViewController.swift in Sources */,
				8E38B578283BC9F1009E0387 /* OSError.swift in Sources */,
				8EED8C2C28535D7D002CEA99 /* InviteTableViewCell.swift in Sources */,
				8E70C138282AEE2F009A9452 /* WelcomeViewController.swift in Sources */,
			);
			runOnlyForDeploymentPostprocessing = 0;
		};
/* End PBXSourcesBuildPhase section */

/* Begin PBXTargetDependency section */
		8E3F33692864E1730061CD6B /* PBXTargetDependency */ = {
			isa = PBXTargetDependency;
			target = 8E3F335E2864E1720061CD6B /* CodeWidgetExtension */;
			targetProxy = 8E3F33682864E1730061CD6B /* PBXContainerItemProxy */;
		};
/* End PBXTargetDependency section */

/* Begin PBXVariantGroup section */
		8EE61FF9282AB79D00C01289 /* LaunchScreen.storyboard */ = {
			isa = PBXVariantGroup;
			children = (
				8EE61FFA282AB79D00C01289 /* Base */,
			);
			name = LaunchScreen.storyboard;
			sourceTree = "<group>";
		};
/* End PBXVariantGroup section */

/* Begin XCBuildConfiguration section */
		8E3F336B2864E1730061CD6B /* Debug */ = {
			isa = XCBuildConfiguration;
			buildSettings = {
				ASSETCATALOG_COMPILER_GLOBAL_ACCENT_COLOR_NAME = AccentColor;
				ASSETCATALOG_COMPILER_WIDGET_BACKGROUND_COLOR_NAME = WidgetBackground;
				CODE_SIGN_ENTITLEMENTS = CodeWidgetExtension.entitlements;
				CODE_SIGN_IDENTITY = "iPhone Developer";
				CODE_SIGN_STYLE = Manual;
				CURRENT_PROJECT_VERSION = 1;
				DEVELOPMENT_TEAM = 2SMFLM66R9;
				GENERATE_INFOPLIST_FILE = YES;
				INFOPLIST_FILE = CodeWidget/Info.plist;
				INFOPLIST_KEY_CFBundleDisplayName = CodeWidget;
				INFOPLIST_KEY_NSHumanReadableCopyright = "";
				IPHONEOS_DEPLOYMENT_TARGET = 15.0;
				LD_RUNPATH_SEARCH_PATHS = (
					"$(inherited)",
					"@executable_path/Frameworks",
					"@executable_path/../../Frameworks",
				);
				MARKETING_VERSION = 0.7.5;
				PRODUCT_BUNDLE_IDENTIFIER = com.tietoevry.officesports.codewidget;
				PRODUCT_NAME = "$(TARGET_NAME)";
				PROVISIONING_PROFILE_SPECIFIER = "Code Widget Development Profile";
				SKIP_INSTALL = YES;
				SWIFT_EMIT_LOC_STRINGS = YES;
				SWIFT_VERSION = 5.0;
				TARGETED_DEVICE_FAMILY = 1;
			};
			name = Debug;
		};
		8E3F336C2864E1730061CD6B /* Release */ = {
			isa = XCBuildConfiguration;
			buildSettings = {
				ASSETCATALOG_COMPILER_GLOBAL_ACCENT_COLOR_NAME = AccentColor;
				ASSETCATALOG_COMPILER_WIDGET_BACKGROUND_COLOR_NAME = WidgetBackground;
				CODE_SIGN_ENTITLEMENTS = CodeWidgetExtension.entitlements;
				CODE_SIGN_IDENTITY = "iPhone Developer";
				CODE_SIGN_STYLE = Manual;
				CURRENT_PROJECT_VERSION = 1;
				DEVELOPMENT_TEAM = 2SMFLM66R9;
				GENERATE_INFOPLIST_FILE = YES;
				INFOPLIST_FILE = CodeWidget/Info.plist;
				INFOPLIST_KEY_CFBundleDisplayName = CodeWidget;
				INFOPLIST_KEY_NSHumanReadableCopyright = "";
				IPHONEOS_DEPLOYMENT_TARGET = 15.0;
				LD_RUNPATH_SEARCH_PATHS = (
					"$(inherited)",
					"@executable_path/Frameworks",
					"@executable_path/../../Frameworks",
				);
				MARKETING_VERSION = 0.7.5;
				PRODUCT_BUNDLE_IDENTIFIER = com.tietoevry.officesports.codewidget;
				PRODUCT_NAME = "$(TARGET_NAME)";
				PROVISIONING_PROFILE_SPECIFIER = "Code Widget Development Profile";
				SKIP_INSTALL = YES;
				SWIFT_EMIT_LOC_STRINGS = YES;
				SWIFT_VERSION = 5.0;
				TARGETED_DEVICE_FAMILY = 1;
			};
			name = Release;
		};
		8EE61FFD282AB79D00C01289 /* Debug */ = {
			isa = XCBuildConfiguration;
			buildSettings = {
				ALWAYS_SEARCH_USER_PATHS = NO;
				CLANG_ANALYZER_NONNULL = YES;
				CLANG_ANALYZER_NUMBER_OBJECT_CONVERSION = YES_AGGRESSIVE;
				CLANG_CXX_LANGUAGE_STANDARD = "gnu++17";
				CLANG_ENABLE_MODULES = YES;
				CLANG_ENABLE_OBJC_ARC = YES;
				CLANG_ENABLE_OBJC_WEAK = YES;
				CLANG_WARN_BLOCK_CAPTURE_AUTORELEASING = YES;
				CLANG_WARN_BOOL_CONVERSION = YES;
				CLANG_WARN_COMMA = YES;
				CLANG_WARN_CONSTANT_CONVERSION = YES;
				CLANG_WARN_DEPRECATED_OBJC_IMPLEMENTATIONS = YES;
				CLANG_WARN_DIRECT_OBJC_ISA_USAGE = YES_ERROR;
				CLANG_WARN_DOCUMENTATION_COMMENTS = YES;
				CLANG_WARN_EMPTY_BODY = YES;
				CLANG_WARN_ENUM_CONVERSION = YES;
				CLANG_WARN_INFINITE_RECURSION = YES;
				CLANG_WARN_INT_CONVERSION = YES;
				CLANG_WARN_NON_LITERAL_NULL_CONVERSION = YES;
				CLANG_WARN_OBJC_IMPLICIT_RETAIN_SELF = YES;
				CLANG_WARN_OBJC_LITERAL_CONVERSION = YES;
				CLANG_WARN_OBJC_ROOT_CLASS = YES_ERROR;
				CLANG_WARN_QUOTED_INCLUDE_IN_FRAMEWORK_HEADER = YES;
				CLANG_WARN_RANGE_LOOP_ANALYSIS = YES;
				CLANG_WARN_STRICT_PROTOTYPES = YES;
				CLANG_WARN_SUSPICIOUS_MOVE = YES;
				CLANG_WARN_UNGUARDED_AVAILABILITY = YES_AGGRESSIVE;
				CLANG_WARN_UNREACHABLE_CODE = YES;
				CLANG_WARN__DUPLICATE_METHOD_MATCH = YES;
				COPY_PHASE_STRIP = NO;
				DEBUG_INFORMATION_FORMAT = dwarf;
				ENABLE_STRICT_OBJC_MSGSEND = YES;
				ENABLE_TESTABILITY = YES;
				GCC_C_LANGUAGE_STANDARD = gnu11;
				GCC_DYNAMIC_NO_PIC = NO;
				GCC_NO_COMMON_BLOCKS = YES;
				GCC_OPTIMIZATION_LEVEL = 0;
				GCC_PREPROCESSOR_DEFINITIONS = (
					"DEBUG=1",
					"$(inherited)",
				);
				GCC_WARN_64_TO_32_BIT_CONVERSION = YES;
				GCC_WARN_ABOUT_RETURN_TYPE = YES_ERROR;
				GCC_WARN_UNDECLARED_SELECTOR = YES;
				GCC_WARN_UNINITIALIZED_AUTOS = YES_AGGRESSIVE;
				GCC_WARN_UNUSED_FUNCTION = YES;
				GCC_WARN_UNUSED_VARIABLE = YES;
				IPHONEOS_DEPLOYMENT_TARGET = 15.4;
				MTL_ENABLE_DEBUG_INFO = INCLUDE_SOURCE;
				MTL_FAST_MATH = YES;
				ONLY_ACTIVE_ARCH = YES;
				SDKROOT = iphoneos;
				SWIFT_ACTIVE_COMPILATION_CONDITIONS = DEBUG;
				SWIFT_OPTIMIZATION_LEVEL = "-Onone";
			};
			name = Debug;
		};
		8EE61FFE282AB79D00C01289 /* Release */ = {
			isa = XCBuildConfiguration;
			buildSettings = {
				ALWAYS_SEARCH_USER_PATHS = NO;
				CLANG_ANALYZER_NONNULL = YES;
				CLANG_ANALYZER_NUMBER_OBJECT_CONVERSION = YES_AGGRESSIVE;
				CLANG_CXX_LANGUAGE_STANDARD = "gnu++17";
				CLANG_ENABLE_MODULES = YES;
				CLANG_ENABLE_OBJC_ARC = YES;
				CLANG_ENABLE_OBJC_WEAK = YES;
				CLANG_WARN_BLOCK_CAPTURE_AUTORELEASING = YES;
				CLANG_WARN_BOOL_CONVERSION = YES;
				CLANG_WARN_COMMA = YES;
				CLANG_WARN_CONSTANT_CONVERSION = YES;
				CLANG_WARN_DEPRECATED_OBJC_IMPLEMENTATIONS = YES;
				CLANG_WARN_DIRECT_OBJC_ISA_USAGE = YES_ERROR;
				CLANG_WARN_DOCUMENTATION_COMMENTS = YES;
				CLANG_WARN_EMPTY_BODY = YES;
				CLANG_WARN_ENUM_CONVERSION = YES;
				CLANG_WARN_INFINITE_RECURSION = YES;
				CLANG_WARN_INT_CONVERSION = YES;
				CLANG_WARN_NON_LITERAL_NULL_CONVERSION = YES;
				CLANG_WARN_OBJC_IMPLICIT_RETAIN_SELF = YES;
				CLANG_WARN_OBJC_LITERAL_CONVERSION = YES;
				CLANG_WARN_OBJC_ROOT_CLASS = YES_ERROR;
				CLANG_WARN_QUOTED_INCLUDE_IN_FRAMEWORK_HEADER = YES;
				CLANG_WARN_RANGE_LOOP_ANALYSIS = YES;
				CLANG_WARN_STRICT_PROTOTYPES = YES;
				CLANG_WARN_SUSPICIOUS_MOVE = YES;
				CLANG_WARN_UNGUARDED_AVAILABILITY = YES_AGGRESSIVE;
				CLANG_WARN_UNREACHABLE_CODE = YES;
				CLANG_WARN__DUPLICATE_METHOD_MATCH = YES;
				COPY_PHASE_STRIP = NO;
				DEBUG_INFORMATION_FORMAT = "dwarf-with-dsym";
				ENABLE_NS_ASSERTIONS = NO;
				ENABLE_STRICT_OBJC_MSGSEND = YES;
				GCC_C_LANGUAGE_STANDARD = gnu11;
				GCC_NO_COMMON_BLOCKS = YES;
				GCC_WARN_64_TO_32_BIT_CONVERSION = YES;
				GCC_WARN_ABOUT_RETURN_TYPE = YES_ERROR;
				GCC_WARN_UNDECLARED_SELECTOR = YES;
				GCC_WARN_UNINITIALIZED_AUTOS = YES_AGGRESSIVE;
				GCC_WARN_UNUSED_FUNCTION = YES;
				GCC_WARN_UNUSED_VARIABLE = YES;
				IPHONEOS_DEPLOYMENT_TARGET = 15.4;
				MTL_ENABLE_DEBUG_INFO = NO;
				MTL_FAST_MATH = YES;
				SDKROOT = iphoneos;
				SWIFT_COMPILATION_MODE = wholemodule;
				SWIFT_OPTIMIZATION_LEVEL = "-O";
				VALIDATE_PRODUCT = YES;
			};
			name = Release;
		};
		8EE62000282AB79D00C01289 /* Debug */ = {
			isa = XCBuildConfiguration;
			buildSettings = {
				ALWAYS_EMBED_SWIFT_STANDARD_LIBRARIES = YES;
				ASSETCATALOG_COMPILER_APPICON_NAME = AppIcon;
				ASSETCATALOG_COMPILER_GLOBAL_ACCENT_COLOR_NAME = AccentColor;
				CODE_SIGN_ENTITLEMENTS = OfficeSports/Resources/OfficeSports.entitlements;
				CODE_SIGN_IDENTITY = "iPhone Developer";
				CODE_SIGN_STYLE = Manual;
				CURRENT_PROJECT_VERSION = 1;
				DEVELOPMENT_TEAM = 2SMFLM66R9;
				GENERATE_INFOPLIST_FILE = YES;
				INFOPLIST_FILE = OfficeSports/Info.plist;
				INFOPLIST_KEY_CFBundleDisplayName = "Office Sports";
				INFOPLIST_KEY_NSCameraUsageDescription = "Office Sports needs access to the camera in order to scan QR codes";
				INFOPLIST_KEY_UIApplicationSupportsIndirectInputEvents = YES;
				INFOPLIST_KEY_UILaunchStoryboardName = LaunchScreen;
				INFOPLIST_KEY_UISupportedInterfaceOrientations = UIInterfaceOrientationPortrait;
				INFOPLIST_KEY_UISupportedInterfaceOrientations_iPad = UIInterfaceOrientationPortrait;
				INFOPLIST_KEY_UISupportedInterfaceOrientations_iPhone = UIInterfaceOrientationPortrait;
				INFOPLIST_KEY_UIUserInterfaceStyle = Light;
				IPHONEOS_DEPLOYMENT_TARGET = 15.0;
				LD_RUNPATH_SEARCH_PATHS = (
					"$(inherited)",
					"@executable_path/Frameworks",
				);
				MARKETING_VERSION = 0.7.5;
				PRODUCT_BUNDLE_IDENTIFIER = com.tietoevry.officesports;
				PRODUCT_NAME = "$(TARGET_NAME)";
				PROVISIONING_PROFILE_SPECIFIER = "match Development com.tietoevry.officesports";
				SWIFT_EMIT_LOC_STRINGS = YES;
				SWIFT_VERSION = 5.0;
				TARGETED_DEVICE_FAMILY = 1;
			};
			name = Debug;
		};
		8EE62001282AB79D00C01289 /* Release */ = {
			isa = XCBuildConfiguration;
			buildSettings = {
				ALWAYS_EMBED_SWIFT_STANDARD_LIBRARIES = YES;
				ASSETCATALOG_COMPILER_APPICON_NAME = AppIcon;
				ASSETCATALOG_COMPILER_GLOBAL_ACCENT_COLOR_NAME = AccentColor;
				CODE_SIGN_ENTITLEMENTS = OfficeSports/Resources/OfficeSports.entitlements;
				CODE_SIGN_IDENTITY = "iPhone Developer";
				CODE_SIGN_STYLE = Manual;
				CURRENT_PROJECT_VERSION = 1;
				DEVELOPMENT_TEAM = 2SMFLM66R9;
				GENERATE_INFOPLIST_FILE = YES;
				INFOPLIST_FILE = OfficeSports/Info.plist;
				INFOPLIST_KEY_CFBundleDisplayName = "Office Sports";
				INFOPLIST_KEY_NSCameraUsageDescription = "Office Sports needs access to the camera in order to scan QR codes";
				INFOPLIST_KEY_UIApplicationSupportsIndirectInputEvents = YES;
				INFOPLIST_KEY_UILaunchStoryboardName = LaunchScreen;
				INFOPLIST_KEY_UISupportedInterfaceOrientations = UIInterfaceOrientationPortrait;
				INFOPLIST_KEY_UISupportedInterfaceOrientations_iPad = UIInterfaceOrientationPortrait;
				INFOPLIST_KEY_UISupportedInterfaceOrientations_iPhone = UIInterfaceOrientationPortrait;
				INFOPLIST_KEY_UIUserInterfaceStyle = Light;
				IPHONEOS_DEPLOYMENT_TARGET = 15.0;
				LD_RUNPATH_SEARCH_PATHS = (
					"$(inherited)",
					"@executable_path/Frameworks",
				);
				MARKETING_VERSION = 0.7.5;
				PRODUCT_BUNDLE_IDENTIFIER = com.tietoevry.officesports;
				PRODUCT_NAME = "$(TARGET_NAME)";
				PROVISIONING_PROFILE_SPECIFIER = "match Development com.tietoevry.officesports";
				SWIFT_EMIT_LOC_STRINGS = YES;
				SWIFT_VERSION = 5.0;
				TARGETED_DEVICE_FAMILY = 1;
			};
			name = Release;
		};
/* End XCBuildConfiguration section */

/* Begin XCConfigurationList section */
		8E3F336D2864E1730061CD6B /* Build configuration list for PBXNativeTarget "CodeWidgetExtension" */ = {
			isa = XCConfigurationList;
			buildConfigurations = (
				8E3F336B2864E1730061CD6B /* Debug */,
				8E3F336C2864E1730061CD6B /* Release */,
			);
			defaultConfigurationIsVisible = 0;
			defaultConfigurationName = Release;
		};
		8EE61FE6282AB79C00C01289 /* Build configuration list for PBXProject "OfficeSports" */ = {
			isa = XCConfigurationList;
			buildConfigurations = (
				8EE61FFD282AB79D00C01289 /* Debug */,
				8EE61FFE282AB79D00C01289 /* Release */,
			);
			defaultConfigurationIsVisible = 0;
			defaultConfigurationName = Release;
		};
		8EE61FFF282AB79D00C01289 /* Build configuration list for PBXNativeTarget "OfficeSports" */ = {
			isa = XCConfigurationList;
			buildConfigurations = (
				8EE62000282AB79D00C01289 /* Debug */,
				8EE62001282AB79D00C01289 /* Release */,
			);
			defaultConfigurationIsVisible = 0;
			defaultConfigurationName = Release;
		};
/* End XCConfigurationList section */

/* Begin XCRemoteSwiftPackageReference section */
		8E23087C282D530300AF60EB /* XCRemoteSwiftPackageReference "firebase-ios-sdk" */ = {
			isa = XCRemoteSwiftPackageReference;
			repositoryURL = "https://github.com/firebase/firebase-ios-sdk";
			requirement = {
				kind = upToNextMajorVersion;
				minimumVersion = 9.0.0;
			};
		};
		8E230882282D567D00AF60EB /* XCRemoteSwiftPackageReference "GoogleSignIn-iOS" */ = {
			isa = XCRemoteSwiftPackageReference;
			repositoryURL = "https://github.com/google/GoogleSignIn-iOS.git";
			requirement = {
				kind = upToNextMajorVersion;
				minimumVersion = 6.0.0;
			};
		};
		8E6DF2972834CEB20009ACA1 /* XCRemoteSwiftPackageReference "firebase-ios-sdk" */ = {
			isa = XCRemoteSwiftPackageReference;
			repositoryURL = "https://github.com/firebase/firebase-ios-sdk";
			requirement = {
				kind = upToNextMajorVersion;
				minimumVersion = 9.0.0;
			};
		};
/* End XCRemoteSwiftPackageReference section */

/* Begin XCSwiftPackageProductDependency section */
		8E23087D282D530300AF60EB /* FirebaseAuth */ = {
			isa = XCSwiftPackageProductDependency;
			package = 8E23087C282D530300AF60EB /* XCRemoteSwiftPackageReference "firebase-ios-sdk" */;
			productName = FirebaseAuth;
		};
		8E230883282D567D00AF60EB /* GoogleSignIn */ = {
			isa = XCSwiftPackageProductDependency;
			package = 8E230882282D567D00AF60EB /* XCRemoteSwiftPackageReference "GoogleSignIn-iOS" */;
			productName = GoogleSignIn;
		};
		8E6DF2982834CEB20009ACA1 /* FirebaseFirestore */ = {
			isa = XCSwiftPackageProductDependency;
			package = 8E23087C282D530300AF60EB /* XCRemoteSwiftPackageReference "firebase-ios-sdk" */;
			productName = FirebaseFirestore;
		};
		8E6DF29A2834CEB20009ACA1 /* FirebaseFirestoreSwift */ = {
			isa = XCSwiftPackageProductDependency;
			package = 8E23087C282D530300AF60EB /* XCRemoteSwiftPackageReference "firebase-ios-sdk" */;
			productName = FirebaseFirestoreSwift;
		};
/* End XCSwiftPackageProductDependency section */
	};
	rootObject = 8EE61FE3282AB79C00C01289 /* Project object */;
}
