// !$*UTF8*$!
{
	archiveVersion = 1;
	classes = {
	};
	objectVersion = 55;
	objects = {

/* Begin PBXBuildFile section */
		8E70C112282ABA4E009A9452 /* NSLayoutConstraint+Util.swift in Sources */ = {isa = PBXBuildFile; fileRef = 8E70C111282ABA4E009A9452 /* NSLayoutConstraint+Util.swift */; };
		8E70C114282ABC56009A9452 /* SportViewController.swift in Sources */ = {isa = PBXBuildFile; fileRef = 8E70C113282ABC56009A9452 /* SportViewController.swift */; };
		8E70C117282ABD3E009A9452 /* FloatingMenu.swift in Sources */ = {isa = PBXBuildFile; fileRef = 8E70C116282ABD3E009A9452 /* FloatingMenu.swift */; };
		8E70C119282ABD6F009A9452 /* UIKit+Factory.swift in Sources */ = {isa = PBXBuildFile; fileRef = 8E70C118282ABD6F009A9452 /* UIKit+Factory.swift */; };
		8E70C11C282AC3F2009A9452 /* ScannerViewController.swift in Sources */ = {isa = PBXBuildFile; fileRef = 8E70C11B282AC3F2009A9452 /* ScannerViewController.swift */; };
		8E70C11F282AC499009A9452 /* OSMatchResult.swift in Sources */ = {isa = PBXBuildFile; fileRef = 8E70C11E282AC499009A9452 /* OSMatchResult.swift */; };
		8E70C121282AC510009A9452 /* OSPlayer.swift in Sources */ = {isa = PBXBuildFile; fileRef = 8E70C120282AC510009A9452 /* OSPlayer.swift */; };
		8E70C124282AC949009A9452 /* PlacementTableViewCell.swift in Sources */ = {isa = PBXBuildFile; fileRef = 8E70C123282AC949009A9452 /* PlacementTableViewCell.swift */; };
		8E70C126282ACCB5009A9452 /* ProfileView.swift in Sources */ = {isa = PBXBuildFile; fileRef = 8E70C125282ACCB5009A9452 /* ProfileView.swift */; };
		8E70C129282ACE57009A9452 /* UIColor+App.swift in Sources */ = {isa = PBXBuildFile; fileRef = 8E70C128282ACE57009A9452 /* UIColor+App.swift */; };
		8E70C12B282ACEAF009A9452 /* UIColor+Hex.swift in Sources */ = {isa = PBXBuildFile; fileRef = 8E70C12A282ACEAF009A9452 /* UIColor+Hex.swift */; };
		8E70C12D282AD01A009A9452 /* UIView+Visuals.swift in Sources */ = {isa = PBXBuildFile; fileRef = 8E70C12C282AD01A009A9452 /* UIView+Visuals.swift */; };
		8E70C12F282AD0AE009A9452 /* UITableView+Util.swift in Sources */ = {isa = PBXBuildFile; fileRef = 8E70C12E282AD0AE009A9452 /* UITableView+Util.swift */; };
		8E70C132282AD1F0009A9452 /* ScoreboardViewModel.swift in Sources */ = {isa = PBXBuildFile; fileRef = 8E70C131282AD1F0009A9452 /* ScoreboardViewModel.swift */; };
		8E70C134282AD279009A9452 /* OSSport.swift in Sources */ = {isa = PBXBuildFile; fileRef = 8E70C133282AD279009A9452 /* OSSport.swift */; };
		8E70C136282ADF7A009A9452 /* OSAccount.swift in Sources */ = {isa = PBXBuildFile; fileRef = 8E70C135282ADF7A009A9452 /* OSAccount.swift */; };
		8E70C138282AEE2F009A9452 /* WelcomeViewController.swift in Sources */ = {isa = PBXBuildFile; fileRef = 8E70C137282AEE2F009A9452 /* WelcomeViewController.swift */; };
		8E70C13A282AEE7E009A9452 /* SportsAPI.swift in Sources */ = {isa = PBXBuildFile; fileRef = 8E70C139282AEE7E009A9452 /* SportsAPI.swift */; };
		8E9849C8282BCDC80020266B /* CircleView.swift in Sources */ = {isa = PBXBuildFile; fileRef = 8E9849C7282BCDC80020266B /* CircleView.swift */; };
		8EAB6DA6282BE4B500FA1362 /* Coordinator.swift in Sources */ = {isa = PBXBuildFile; fileRef = 8EAB6DA5282BE4B500FA1362 /* Coordinator.swift */; };
		8EC84E8E282BD5B10093C9A0 /* NicknameViewController.swift in Sources */ = {isa = PBXBuildFile; fileRef = 8EC84E8D282BD5B10093C9A0 /* NicknameViewController.swift */; };
		8EE61FEF282AB79C00C01289 /* AppDelegate.swift in Sources */ = {isa = PBXBuildFile; fileRef = 8EE61FEE282AB79C00C01289 /* AppDelegate.swift */; };
		8EE61FF3282AB79C00C01289 /* MainViewController.swift in Sources */ = {isa = PBXBuildFile; fileRef = 8EE61FF2282AB79C00C01289 /* MainViewController.swift */; };
		8EE61FF8282AB79D00C01289 /* Assets.xcassets in Resources */ = {isa = PBXBuildFile; fileRef = 8EE61FF7282AB79D00C01289 /* Assets.xcassets */; };
		8EE61FFB282AB79D00C01289 /* LaunchScreen.storyboard in Resources */ = {isa = PBXBuildFile; fileRef = 8EE61FF9282AB79D00C01289 /* LaunchScreen.storyboard */; };
/* End PBXBuildFile section */

/* Begin PBXFileReference section */
		8E70C111282ABA4E009A9452 /* NSLayoutConstraint+Util.swift */ = {isa = PBXFileReference; lastKnownFileType = sourcecode.swift; path = "NSLayoutConstraint+Util.swift"; sourceTree = "<group>"; };
		8E70C113282ABC56009A9452 /* SportViewController.swift */ = {isa = PBXFileReference; lastKnownFileType = sourcecode.swift; path = SportViewController.swift; sourceTree = "<group>"; };
		8E70C116282ABD3E009A9452 /* FloatingMenu.swift */ = {isa = PBXFileReference; lastKnownFileType = sourcecode.swift; path = FloatingMenu.swift; sourceTree = "<group>"; };
		8E70C118282ABD6F009A9452 /* UIKit+Factory.swift */ = {isa = PBXFileReference; lastKnownFileType = sourcecode.swift; path = "UIKit+Factory.swift"; sourceTree = "<group>"; };
		8E70C11B282AC3F2009A9452 /* ScannerViewController.swift */ = {isa = PBXFileReference; lastKnownFileType = sourcecode.swift; path = ScannerViewController.swift; sourceTree = "<group>"; };
		8E70C11E282AC499009A9452 /* OSMatchResult.swift */ = {isa = PBXFileReference; lastKnownFileType = sourcecode.swift; path = OSMatchResult.swift; sourceTree = "<group>"; };
		8E70C120282AC510009A9452 /* OSPlayer.swift */ = {isa = PBXFileReference; lastKnownFileType = sourcecode.swift; path = OSPlayer.swift; sourceTree = "<group>"; };
		8E70C123282AC949009A9452 /* PlacementTableViewCell.swift */ = {isa = PBXFileReference; lastKnownFileType = sourcecode.swift; path = PlacementTableViewCell.swift; sourceTree = "<group>"; };
		8E70C125282ACCB5009A9452 /* ProfileView.swift */ = {isa = PBXFileReference; lastKnownFileType = sourcecode.swift; path = ProfileView.swift; sourceTree = "<group>"; };
		8E70C128282ACE57009A9452 /* UIColor+App.swift */ = {isa = PBXFileReference; lastKnownFileType = sourcecode.swift; path = "UIColor+App.swift"; sourceTree = "<group>"; };
		8E70C12A282ACEAF009A9452 /* UIColor+Hex.swift */ = {isa = PBXFileReference; lastKnownFileType = sourcecode.swift; path = "UIColor+Hex.swift"; sourceTree = "<group>"; };
		8E70C12C282AD01A009A9452 /* UIView+Visuals.swift */ = {isa = PBXFileReference; lastKnownFileType = sourcecode.swift; path = "UIView+Visuals.swift"; sourceTree = "<group>"; };
		8E70C12E282AD0AE009A9452 /* UITableView+Util.swift */ = {isa = PBXFileReference; lastKnownFileType = sourcecode.swift; path = "UITableView+Util.swift"; sourceTree = "<group>"; };
		8E70C131282AD1F0009A9452 /* ScoreboardViewModel.swift */ = {isa = PBXFileReference; lastKnownFileType = sourcecode.swift; path = ScoreboardViewModel.swift; sourceTree = "<group>"; };
		8E70C133282AD279009A9452 /* OSSport.swift */ = {isa = PBXFileReference; lastKnownFileType = sourcecode.swift; path = OSSport.swift; sourceTree = "<group>"; };
		8E70C135282ADF7A009A9452 /* OSAccount.swift */ = {isa = PBXFileReference; lastKnownFileType = sourcecode.swift; path = OSAccount.swift; sourceTree = "<group>"; };
		8E70C137282AEE2F009A9452 /* WelcomeViewController.swift */ = {isa = PBXFileReference; lastKnownFileType = sourcecode.swift; path = WelcomeViewController.swift; sourceTree = "<group>"; };
		8E70C139282AEE7E009A9452 /* SportsAPI.swift */ = {isa = PBXFileReference; lastKnownFileType = sourcecode.swift; path = SportsAPI.swift; sourceTree = "<group>"; };
		8E70C13B282BAF51009A9452 /* README.md */ = {isa = PBXFileReference; lastKnownFileType = net.daringfireball.markdown; path = README.md; sourceTree = "<group>"; };
		8E9849C7282BCDC80020266B /* CircleView.swift */ = {isa = PBXFileReference; lastKnownFileType = sourcecode.swift; path = CircleView.swift; sourceTree = "<group>"; };
		8EAB6DA5282BE4B500FA1362 /* Coordinator.swift */ = {isa = PBXFileReference; lastKnownFileType = sourcecode.swift; path = Coordinator.swift; sourceTree = "<group>"; };
		8EC84E8D282BD5B10093C9A0 /* NicknameViewController.swift */ = {isa = PBXFileReference; lastKnownFileType = sourcecode.swift; path = NicknameViewController.swift; sourceTree = "<group>"; };
		8EE61FEB282AB79C00C01289 /* Office Sports.app */ = {isa = PBXFileReference; explicitFileType = wrapper.application; includeInIndex = 0; path = "Office Sports.app"; sourceTree = BUILT_PRODUCTS_DIR; };
		8EE61FEE282AB79C00C01289 /* AppDelegate.swift */ = {isa = PBXFileReference; lastKnownFileType = sourcecode.swift; path = AppDelegate.swift; sourceTree = "<group>"; };
		8EE61FF2282AB79C00C01289 /* MainViewController.swift */ = {isa = PBXFileReference; lastKnownFileType = sourcecode.swift; path = MainViewController.swift; sourceTree = "<group>"; };
		8EE61FF7282AB79D00C01289 /* Assets.xcassets */ = {isa = PBXFileReference; lastKnownFileType = folder.assetcatalog; path = Assets.xcassets; sourceTree = "<group>"; };
		8EE61FFA282AB79D00C01289 /* Base */ = {isa = PBXFileReference; lastKnownFileType = file.storyboard; name = Base; path = Base.lproj/LaunchScreen.storyboard; sourceTree = "<group>"; };
		8EE61FFC282AB79D00C01289 /* Info.plist */ = {isa = PBXFileReference; lastKnownFileType = text.plist.xml; path = Info.plist; sourceTree = "<group>"; };
/* End PBXFileReference section */

/* Begin PBXFrameworksBuildPhase section */
		8EE61FE8282AB79C00C01289 /* Frameworks */ = {
			isa = PBXFrameworksBuildPhase;
			buildActionMask = 2147483647;
			files = (
			);
			runOnlyForDeploymentPostprocessing = 0;
		};
/* End PBXFrameworksBuildPhase section */

/* Begin PBXGroup section */
		8E70C110282AB9BB009A9452 /* Extensions */ = {
			isa = PBXGroup;
			children = (
				8E70C111282ABA4E009A9452 /* NSLayoutConstraint+Util.swift */,
				8E70C118282ABD6F009A9452 /* UIKit+Factory.swift */,
				8E70C128282ACE57009A9452 /* UIColor+App.swift */,
				8E70C12A282ACEAF009A9452 /* UIColor+Hex.swift */,
				8E70C12C282AD01A009A9452 /* UIView+Visuals.swift */,
				8E70C12E282AD0AE009A9452 /* UITableView+Util.swift */,
			);
			path = Extensions;
			sourceTree = "<group>";
		};
		8E70C115282ABCB9009A9452 /* Views */ = {
			isa = PBXGroup;
			children = (
				8E70C116282ABD3E009A9452 /* FloatingMenu.swift */,
				8E70C125282ACCB5009A9452 /* ProfileView.swift */,
				8E9849C7282BCDC80020266B /* CircleView.swift */,
			);
			path = Views;
			sourceTree = "<group>";
		};
		8E70C11A282AC3DA009A9452 /* ViewControllers */ = {
			isa = PBXGroup;
			children = (
				8EE61FF2282AB79C00C01289 /* MainViewController.swift */,
				8E70C113282ABC56009A9452 /* SportViewController.swift */,
				8E70C11B282AC3F2009A9452 /* ScannerViewController.swift */,
				8E70C137282AEE2F009A9452 /* WelcomeViewController.swift */,
				8EC84E8D282BD5B10093C9A0 /* NicknameViewController.swift */,
			);
			path = ViewControllers;
			sourceTree = "<group>";
		};
		8E70C11D282AC424009A9452 /* Entities */ = {
			isa = PBXGroup;
			children = (
				8E70C11E282AC499009A9452 /* OSMatchResult.swift */,
				8E70C120282AC510009A9452 /* OSPlayer.swift */,
				8E70C133282AD279009A9452 /* OSSport.swift */,
				8E70C135282ADF7A009A9452 /* OSAccount.swift */,
			);
			path = Entities;
			sourceTree = "<group>";
		};
		8E70C122282AC92B009A9452 /* Cells */ = {
			isa = PBXGroup;
			children = (
				8E70C123282AC949009A9452 /* PlacementTableViewCell.swift */,
			);
			path = Cells;
			sourceTree = "<group>";
		};
		8E70C127282ACD10009A9452 /* API */ = {
			isa = PBXGroup;
			children = (
				8E70C139282AEE7E009A9452 /* SportsAPI.swift */,
			);
			path = API;
			sourceTree = "<group>";
		};
		8E70C130282AD1DE009A9452 /* ViewModels */ = {
			isa = PBXGroup;
			children = (
				8E70C131282AD1F0009A9452 /* ScoreboardViewModel.swift */,
			);
			path = ViewModels;
			sourceTree = "<group>";
		};
		8EAB6DA4282BE34B00FA1362 /* Coordinator */ = {
			isa = PBXGroup;
			children = (
				8EAB6DA5282BE4B500FA1362 /* Coordinator.swift */,
			);
			path = Coordinator;
			sourceTree = "<group>";
		};
		8EE61FE2282AB79C00C01289 = {
			isa = PBXGroup;
			children = (
				8E70C13B282BAF51009A9452 /* README.md */,
				8EE61FED282AB79C00C01289 /* Office Sports */,
				8EE61FEC282AB79C00C01289 /* Products */,
			);
			sourceTree = "<group>";
		};
		8EE61FEC282AB79C00C01289 /* Products */ = {
			isa = PBXGroup;
			children = (
				8EE61FEB282AB79C00C01289 /* Office Sports.app */,
			);
			name = Products;
			sourceTree = "<group>";
		};
		8EE61FED282AB79C00C01289 /* Office Sports */ = {
			isa = PBXGroup;
			children = (
				8EAB6DA4282BE34B00FA1362 /* Coordinator */,
				8E70C127282ACD10009A9452 /* API */,
				8E70C11D282AC424009A9452 /* Entities */,
				8E70C110282AB9BB009A9452 /* Extensions */,
				8EE62002282AB7AA00C01289 /* Screens */,
				8EE61FEE282AB79C00C01289 /* AppDelegate.swift */,
				8EE61FF7282AB79D00C01289 /* Assets.xcassets */,
				8EE61FF9282AB79D00C01289 /* LaunchScreen.storyboard */,
				8EE61FFC282AB79D00C01289 /* Info.plist */,
			);
			path = "Office Sports";
			sourceTree = "<group>";
		};
		8EE62002282AB7AA00C01289 /* Screens */ = {
			isa = PBXGroup;
			children = (
				8E70C130282AD1DE009A9452 /* ViewModels */,
				8E70C122282AC92B009A9452 /* Cells */,
				8E70C11A282AC3DA009A9452 /* ViewControllers */,
				8E70C115282ABCB9009A9452 /* Views */,
			);
			path = Screens;
			sourceTree = "<group>";
		};
/* End PBXGroup section */

/* Begin PBXNativeTarget section */
		8EE61FEA282AB79C00C01289 /* Office Sports */ = {
			isa = PBXNativeTarget;
			buildConfigurationList = 8EE61FFF282AB79D00C01289 /* Build configuration list for PBXNativeTarget "Office Sports" */;
			buildPhases = (
				8EC84E8F282BD68A0093C9A0 /* ShellScript */,
				8EE61FE7282AB79C00C01289 /* Sources */,
				8EE61FE8282AB79C00C01289 /* Frameworks */,
				8EE61FE9282AB79C00C01289 /* Resources */,
			);
			buildRules = (
			);
			dependencies = (
			);
			name = "Office Sports";
			productName = "Office Sports";
			productReference = 8EE61FEB282AB79C00C01289 /* Office Sports.app */;
			productType = "com.apple.product-type.application";
		};
/* End PBXNativeTarget section */

/* Begin PBXProject section */
		8EE61FE3282AB79C00C01289 /* Project object */ = {
			isa = PBXProject;
			attributes = {
				BuildIndependentTargetsInParallel = 1;
				LastSwiftUpdateCheck = 1330;
				LastUpgradeCheck = 1330;
				TargetAttributes = {
					8EE61FEA282AB79C00C01289 = {
						CreatedOnToolsVersion = 13.3.1;
					};
				};
			};
			buildConfigurationList = 8EE61FE6282AB79C00C01289 /* Build configuration list for PBXProject "Office Sports" */;
			compatibilityVersion = "Xcode 13.0";
			developmentRegion = en;
			hasScannedForEncodings = 0;
			knownRegions = (
				en,
				Base,
			);
			mainGroup = 8EE61FE2282AB79C00C01289;
			productRefGroup = 8EE61FEC282AB79C00C01289 /* Products */;
			projectDirPath = "";
			projectRoot = "";
			targets = (
				8EE61FEA282AB79C00C01289 /* Office Sports */,
			);
		};
/* End PBXProject section */

/* Begin PBXResourcesBuildPhase section */
		8EE61FE9282AB79C00C01289 /* Resources */ = {
			isa = PBXResourcesBuildPhase;
			buildActionMask = 2147483647;
			files = (
				8EE61FFB282AB79D00C01289 /* LaunchScreen.storyboard in Resources */,
				8EE61FF8282AB79D00C01289 /* Assets.xcassets in Resources */,
			);
			runOnlyForDeploymentPostprocessing = 0;
		};
/* End PBXResourcesBuildPhase section */

/* Begin PBXShellScriptBuildPhase section */
		8EC84E8F282BD68A0093C9A0 /* ShellScript */ = {
			isa = PBXShellScriptBuildPhase;
			buildActionMask = 2147483647;
			files = (
			);
			inputFileListPaths = (
			);
			inputPaths = (
			);
			outputFileListPaths = (
			);
			outputPaths = (
			);
			runOnlyForDeploymentPostprocessing = 0;
			shellPath = /bin/sh;
			shellScript = "export PATH=\"$PATH:/opt/homebrew/bin\"\nif which swiftlint > /dev/null; then\n  swiftlint\nelse\n  echo \"warning: SwiftLint not installed, download from https://github.com/realm/SwiftLint\"\nfi\n";
		};
/* End PBXShellScriptBuildPhase section */

/* Begin PBXSourcesBuildPhase section */
		8EE61FE7282AB79C00C01289 /* Sources */ = {
			isa = PBXSourcesBuildPhase;
			buildActionMask = 2147483647;
			files = (
				8E70C134282AD279009A9452 /* OSSport.swift in Sources */,
				8E70C11F282AC499009A9452 /* OSMatchResult.swift in Sources */,
				8E70C11C282AC3F2009A9452 /* ScannerViewController.swift in Sources */,
				8E70C121282AC510009A9452 /* OSPlayer.swift in Sources */,
				8E70C117282ABD3E009A9452 /* FloatingMenu.swift in Sources */,
				8EE61FF3282AB79C00C01289 /* MainViewController.swift in Sources */,
				8EC84E8E282BD5B10093C9A0 /* NicknameViewController.swift in Sources */,
				8E70C129282ACE57009A9452 /* UIColor+App.swift in Sources */,
				8EE61FEF282AB79C00C01289 /* AppDelegate.swift in Sources */,
				8E70C119282ABD6F009A9452 /* UIKit+Factory.swift in Sources */,
				8E70C112282ABA4E009A9452 /* NSLayoutConstraint+Util.swift in Sources */,
				8E70C12B282ACEAF009A9452 /* UIColor+Hex.swift in Sources */,
				8E70C124282AC949009A9452 /* PlacementTableViewCell.swift in Sources */,
				8E9849C8282BCDC80020266B /* CircleView.swift in Sources */,
				8E70C132282AD1F0009A9452 /* ScoreboardViewModel.swift in Sources */,
				8E70C136282ADF7A009A9452 /* OSAccount.swift in Sources */,
				8E70C126282ACCB5009A9452 /* ProfileView.swift in Sources */,
				8EAB6DA6282BE4B500FA1362 /* Coordinator.swift in Sources */,
				8E70C13A282AEE7E009A9452 /* SportsAPI.swift in Sources */,
				8E70C12F282AD0AE009A9452 /* UITableView+Util.swift in Sources */,
				8E70C12D282AD01A009A9452 /* UIView+Visuals.swift in Sources */,
				8E70C114282ABC56009A9452 /* SportViewController.swift in Sources */,
				8E70C138282AEE2F009A9452 /* WelcomeViewController.swift in Sources */,
			);
			runOnlyForDeploymentPostprocessing = 0;
		};
/* End PBXSourcesBuildPhase section */

/* Begin PBXVariantGroup section */
		8EE61FF9282AB79D00C01289 /* LaunchScreen.storyboard */ = {
			isa = PBXVariantGroup;
			children = (
				8EE61FFA282AB79D00C01289 /* Base */,
			);
			name = LaunchScreen.storyboard;
			sourceTree = "<group>";
		};
/* End PBXVariantGroup section */

/* Begin XCBuildConfiguration section */
		8EE61FFD282AB79D00C01289 /* Debug */ = {
			isa = XCBuildConfiguration;
			buildSettings = {
				ALWAYS_SEARCH_USER_PATHS = NO;
				CLANG_ANALYZER_NONNULL = YES;
				CLANG_ANALYZER_NUMBER_OBJECT_CONVERSION = YES_AGGRESSIVE;
				CLANG_CXX_LANGUAGE_STANDARD = "gnu++17";
				CLANG_ENABLE_MODULES = YES;
				CLANG_ENABLE_OBJC_ARC = YES;
				CLANG_ENABLE_OBJC_WEAK = YES;
				CLANG_WARN_BLOCK_CAPTURE_AUTORELEASING = YES;
				CLANG_WARN_BOOL_CONVERSION = YES;
				CLANG_WARN_COMMA = YES;
				CLANG_WARN_CONSTANT_CONVERSION = YES;
				CLANG_WARN_DEPRECATED_OBJC_IMPLEMENTATIONS = YES;
				CLANG_WARN_DIRECT_OBJC_ISA_USAGE = YES_ERROR;
				CLANG_WARN_DOCUMENTATION_COMMENTS = YES;
				CLANG_WARN_EMPTY_BODY = YES;
				CLANG_WARN_ENUM_CONVERSION = YES;
				CLANG_WARN_INFINITE_RECURSION = YES;
				CLANG_WARN_INT_CONVERSION = YES;
				CLANG_WARN_NON_LITERAL_NULL_CONVERSION = YES;
				CLANG_WARN_OBJC_IMPLICIT_RETAIN_SELF = YES;
				CLANG_WARN_OBJC_LITERAL_CONVERSION = YES;
				CLANG_WARN_OBJC_ROOT_CLASS = YES_ERROR;
				CLANG_WARN_QUOTED_INCLUDE_IN_FRAMEWORK_HEADER = YES;
				CLANG_WARN_RANGE_LOOP_ANALYSIS = YES;
				CLANG_WARN_STRICT_PROTOTYPES = YES;
				CLANG_WARN_SUSPICIOUS_MOVE = YES;
				CLANG_WARN_UNGUARDED_AVAILABILITY = YES_AGGRESSIVE;
				CLANG_WARN_UNREACHABLE_CODE = YES;
				CLANG_WARN__DUPLICATE_METHOD_MATCH = YES;
				COPY_PHASE_STRIP = NO;
				DEBUG_INFORMATION_FORMAT = dwarf;
				ENABLE_STRICT_OBJC_MSGSEND = YES;
				ENABLE_TESTABILITY = YES;
				GCC_C_LANGUAGE_STANDARD = gnu11;
				GCC_DYNAMIC_NO_PIC = NO;
				GCC_NO_COMMON_BLOCKS = YES;
				GCC_OPTIMIZATION_LEVEL = 0;
				GCC_PREPROCESSOR_DEFINITIONS = (
					"DEBUG=1",
					"$(inherited)",
				);
				GCC_WARN_64_TO_32_BIT_CONVERSION = YES;
				GCC_WARN_ABOUT_RETURN_TYPE = YES_ERROR;
				GCC_WARN_UNDECLARED_SELECTOR = YES;
				GCC_WARN_UNINITIALIZED_AUTOS = YES_AGGRESSIVE;
				GCC_WARN_UNUSED_FUNCTION = YES;
				GCC_WARN_UNUSED_VARIABLE = YES;
				IPHONEOS_DEPLOYMENT_TARGET = 15.4;
				MTL_ENABLE_DEBUG_INFO = INCLUDE_SOURCE;
				MTL_FAST_MATH = YES;
				ONLY_ACTIVE_ARCH = YES;
				SDKROOT = iphoneos;
				SWIFT_ACTIVE_COMPILATION_CONDITIONS = DEBUG;
				SWIFT_OPTIMIZATION_LEVEL = "-Onone";
			};
			name = Debug;
		};
		8EE61FFE282AB79D00C01289 /* Release */ = {
			isa = XCBuildConfiguration;
			buildSettings = {
				ALWAYS_SEARCH_USER_PATHS = NO;
				CLANG_ANALYZER_NONNULL = YES;
				CLANG_ANALYZER_NUMBER_OBJECT_CONVERSION = YES_AGGRESSIVE;
				CLANG_CXX_LANGUAGE_STANDARD = "gnu++17";
				CLANG_ENABLE_MODULES = YES;
				CLANG_ENABLE_OBJC_ARC = YES;
				CLANG_ENABLE_OBJC_WEAK = YES;
				CLANG_WARN_BLOCK_CAPTURE_AUTORELEASING = YES;
				CLANG_WARN_BOOL_CONVERSION = YES;
				CLANG_WARN_COMMA = YES;
				CLANG_WARN_CONSTANT_CONVERSION = YES;
				CLANG_WARN_DEPRECATED_OBJC_IMPLEMENTATIONS = YES;
				CLANG_WARN_DIRECT_OBJC_ISA_USAGE = YES_ERROR;
				CLANG_WARN_DOCUMENTATION_COMMENTS = YES;
				CLANG_WARN_EMPTY_BODY = YES;
				CLANG_WARN_ENUM_CONVERSION = YES;
				CLANG_WARN_INFINITE_RECURSION = YES;
				CLANG_WARN_INT_CONVERSION = YES;
				CLANG_WARN_NON_LITERAL_NULL_CONVERSION = YES;
				CLANG_WARN_OBJC_IMPLICIT_RETAIN_SELF = YES;
				CLANG_WARN_OBJC_LITERAL_CONVERSION = YES;
				CLANG_WARN_OBJC_ROOT_CLASS = YES_ERROR;
				CLANG_WARN_QUOTED_INCLUDE_IN_FRAMEWORK_HEADER = YES;
				CLANG_WARN_RANGE_LOOP_ANALYSIS = YES;
				CLANG_WARN_STRICT_PROTOTYPES = YES;
				CLANG_WARN_SUSPICIOUS_MOVE = YES;
				CLANG_WARN_UNGUARDED_AVAILABILITY = YES_AGGRESSIVE;
				CLANG_WARN_UNREACHABLE_CODE = YES;
				CLANG_WARN__DUPLICATE_METHOD_MATCH = YES;
				COPY_PHASE_STRIP = NO;
				DEBUG_INFORMATION_FORMAT = "dwarf-with-dsym";
				ENABLE_NS_ASSERTIONS = NO;
				ENABLE_STRICT_OBJC_MSGSEND = YES;
				GCC_C_LANGUAGE_STANDARD = gnu11;
				GCC_NO_COMMON_BLOCKS = YES;
				GCC_WARN_64_TO_32_BIT_CONVERSION = YES;
				GCC_WARN_ABOUT_RETURN_TYPE = YES_ERROR;
				GCC_WARN_UNDECLARED_SELECTOR = YES;
				GCC_WARN_UNINITIALIZED_AUTOS = YES_AGGRESSIVE;
				GCC_WARN_UNUSED_FUNCTION = YES;
				GCC_WARN_UNUSED_VARIABLE = YES;
				IPHONEOS_DEPLOYMENT_TARGET = 15.4;
				MTL_ENABLE_DEBUG_INFO = NO;
				MTL_FAST_MATH = YES;
				SDKROOT = iphoneos;
				SWIFT_COMPILATION_MODE = wholemodule;
				SWIFT_OPTIMIZATION_LEVEL = "-O";
				VALIDATE_PRODUCT = YES;
			};
			name = Release;
		};
		8EE62000282AB79D00C01289 /* Debug */ = {
			isa = XCBuildConfiguration;
			buildSettings = {
				ASSETCATALOG_COMPILER_APPICON_NAME = AppIcon;
				ASSETCATALOG_COMPILER_GLOBAL_ACCENT_COLOR_NAME = AccentColor;
				CODE_SIGN_STYLE = Automatic;
				CURRENT_PROJECT_VERSION = 1;
				DEVELOPMENT_TEAM = 2SMFLM66R9;
				GENERATE_INFOPLIST_FILE = YES;
				INFOPLIST_FILE = "Office Sports/Info.plist";
				INFOPLIST_KEY_UIApplicationSupportsIndirectInputEvents = YES;
				INFOPLIST_KEY_UILaunchStoryboardName = LaunchScreen;
				INFOPLIST_KEY_UISupportedInterfaceOrientations = UIInterfaceOrientationPortrait;
				INFOPLIST_KEY_UISupportedInterfaceOrientations_iPad = "UIInterfaceOrientationPortrait UIInterfaceOrientationPortraitUpsideDown UIInterfaceOrientationLandscapeLeft UIInterfaceOrientationLandscapeRight";
				INFOPLIST_KEY_UISupportedInterfaceOrientations_iPhone = "UIInterfaceOrientationPortrait UIInterfaceOrientationLandscapeLeft UIInterfaceOrientationLandscapeRight";
				IPHONEOS_DEPLOYMENT_TARGET = 15.0;
				LD_RUNPATH_SEARCH_PATHS = (
					"$(inherited)",
					"@executable_path/Frameworks",
				);
				MARKETING_VERSION = 1.0.0;
				PRODUCT_BUNDLE_IDENTIFIER = com.tietoevry.officesports;
				PRODUCT_NAME = "$(TARGET_NAME)";
				SWIFT_EMIT_LOC_STRINGS = YES;
				SWIFT_VERSION = 5.0;
				TARGETED_DEVICE_FAMILY = 1;
			};
			name = Debug;
		};
		8EE62001282AB79D00C01289 /* Release */ = {
			isa = XCBuildConfiguration;
			buildSettings = {
				ASSETCATALOG_COMPILER_APPICON_NAME = AppIcon;
				ASSETCATALOG_COMPILER_GLOBAL_ACCENT_COLOR_NAME = AccentColor;
				CODE_SIGN_STYLE = Automatic;
				CURRENT_PROJECT_VERSION = 1;
				DEVELOPMENT_TEAM = 2SMFLM66R9;
				GENERATE_INFOPLIST_FILE = YES;
				INFOPLIST_FILE = "Office Sports/Info.plist";
				INFOPLIST_KEY_UIApplicationSupportsIndirectInputEvents = YES;
				INFOPLIST_KEY_UILaunchStoryboardName = LaunchScreen;
				INFOPLIST_KEY_UISupportedInterfaceOrientations = UIInterfaceOrientationPortrait;
				INFOPLIST_KEY_UISupportedInterfaceOrientations_iPad = "UIInterfaceOrientationPortrait UIInterfaceOrientationPortraitUpsideDown UIInterfaceOrientationLandscapeLeft UIInterfaceOrientationLandscapeRight";
				INFOPLIST_KEY_UISupportedInterfaceOrientations_iPhone = "UIInterfaceOrientationPortrait UIInterfaceOrientationLandscapeLeft UIInterfaceOrientationLandscapeRight";
				IPHONEOS_DEPLOYMENT_TARGET = 15.0;
				LD_RUNPATH_SEARCH_PATHS = (
					"$(inherited)",
					"@executable_path/Frameworks",
				);
				MARKETING_VERSION = 1.0.0;
				PRODUCT_BUNDLE_IDENTIFIER = com.tietoevry.officesports;
				PRODUCT_NAME = "$(TARGET_NAME)";
				SWIFT_EMIT_LOC_STRINGS = YES;
				SWIFT_VERSION = 5.0;
				TARGETED_DEVICE_FAMILY = 1;
			};
			name = Release;
		};
/* End XCBuildConfiguration section */

/* Begin XCConfigurationList section */
		8EE61FE6282AB79C00C01289 /* Build configuration list for PBXProject "Office Sports" */ = {
			isa = XCConfigurationList;
			buildConfigurations = (
				8EE61FFD282AB79D00C01289 /* Debug */,
				8EE61FFE282AB79D00C01289 /* Release */,
			);
			defaultConfigurationIsVisible = 0;
			defaultConfigurationName = Release;
		};
		8EE61FFF282AB79D00C01289 /* Build configuration list for PBXNativeTarget "Office Sports" */ = {
			isa = XCConfigurationList;
			buildConfigurations = (
				8EE62000282AB79D00C01289 /* Debug */,
				8EE62001282AB79D00C01289 /* Release */,
			);
			defaultConfigurationIsVisible = 0;
			defaultConfigurationName = Release;
		};
/* End XCConfigurationList section */
	};
	rootObject = 8EE61FE3282AB79C00C01289 /* Project object */;
}
